// !$*UTF8*$!
{
	archiveVersion = 1;
	classes = {
	};
	objectVersion = 46;
	objects = {

/* Begin PBXBuildFile section */
		C5014788170B47DB00BD7488 /* LSDrawingRuleType.m in Sources */ = {isa = PBXBuildFile; fileRef = C5014778170B47DB00BD7488 /* LSDrawingRuleType.m */; };
		C501478C170B47DB00BD7488 /* MBFractalScape.m in Sources */ = {isa = PBXBuildFile; fileRef = C5014780170B47DB00BD7488 /* MBFractalScape.m */; };
		C501478E170B47DB00BD7488 /* MBPlacedEntity.m in Sources */ = {isa = PBXBuildFile; fileRef = C5014784170B47DB00BD7488 /* MBPlacedEntity.m */; };
		C5014792170B4EB400BD7488 /* LSReplacementRule+addons.m in Sources */ = {isa = PBXBuildFile; fileRef = C5014791170B4EB300BD7488 /* LSReplacementRule+addons.m */; };
		C509AF83170330A700025DF7 /* LSDrawingRule+addons.m in Sources */ = {isa = PBXBuildFile; fileRef = C509AF82170330A700025DF7 /* LSDrawingRule+addons.m */; };
		C50B82951A02E06E00FBA03F /* MBFractalDescriptionTableCell.m in Sources */ = {isa = PBXBuildFile; fileRef = C50B82941A02E06E00FBA03F /* MBFractalDescriptionTableCell.m */; };
		C50C826019BF916300AD6A0F /* AssetsLibrary.framework in Frameworks */ = {isa = PBXBuildFile; fileRef = C50C825F19BF916300AD6A0F /* AssetsLibrary.framework */; };
		C51215C614DA2E70007ED367 /* LSFractal+addons.m in Sources */ = {isa = PBXBuildFile; fileRef = C51215C514DA2E70007ED367 /* LSFractal+addons.m */; };
		C5150F761A202D9E00DC8A0E /* MBFractalScape+addons.h in Headers */ = {isa = PBXBuildFile; fileRef = C5150F741A202D9E00DC8A0E /* MBFractalScape+addons.h */; };
		C5150F771A202D9E00DC8A0E /* MBFractalScape+addons.m in Sources */ = {isa = PBXBuildFile; fileRef = C5150F751A202D9E00DC8A0E /* MBFractalScape+addons.m */; };
		C5150F7A1A202DDA00DC8A0E /* MBPlacedEntity+addons.h in Headers */ = {isa = PBXBuildFile; fileRef = C5150F781A202DDA00DC8A0E /* MBPlacedEntity+addons.h */; };
		C5150F7B1A202DDA00DC8A0E /* MBPlacedEntity+addons.m in Sources */ = {isa = PBXBuildFile; fileRef = C5150F791A202DDA00DC8A0E /* MBPlacedEntity+addons.m */; };
		C5150F7E1A202E0B00DC8A0E /* MBScapeBackground+addons.h in Headers */ = {isa = PBXBuildFile; fileRef = C5150F7C1A202E0B00DC8A0E /* MBScapeBackground+addons.h */; };
		C5150F7F1A202E0B00DC8A0E /* MBScapeBackground+addons.m in Sources */ = {isa = PBXBuildFile; fileRef = C5150F7D1A202E0B00DC8A0E /* MBScapeBackground+addons.m */; };
		C5150F821A20317100DC8A0E /* MBScapeBackground.h in Headers */ = {isa = PBXBuildFile; fileRef = C5150F801A20317100DC8A0E /* MBScapeBackground.h */; };
		C5150F831A20317100DC8A0E /* MBScapeBackground.m in Sources */ = {isa = PBXBuildFile; fileRef = C5150F811A20317100DC8A0E /* MBScapeBackground.m */; };
		C5150F8A1A2036FA00DC8A0E /* MBColor.h in Headers */ = {isa = PBXBuildFile; fileRef = C5150F881A2036FA00DC8A0E /* MBColor.h */; };
		C5150F8B1A2036FA00DC8A0E /* MBColor.m in Sources */ = {isa = PBXBuildFile; fileRef = C5150F891A2036FA00DC8A0E /* MBColor.m */; };
		C51DF52416E68E7F00FBDB8A /* MBFractalAppearanceEditorViewController.m in Sources */ = {isa = PBXBuildFile; fileRef = C51DF52316E68E7F00FBDB8A /* MBFractalAppearanceEditorViewController.m */; };
		C525B9FC16F8A6C500CE2200 /* MBColorCellBackgroundView.m in Sources */ = {isa = PBXBuildFile; fileRef = C525B9FB16F8A6C500CE2200 /* MBColorCellBackgroundView.m */; };
		C531F3ED16E1398E007F4DD3 /* MBFractalRulesEditorViewController.m in Sources */ = {isa = PBXBuildFile; fileRef = C531F3EC16E1398E007F4DD3 /* MBFractalRulesEditorViewController.m */; };
		C531F3F016E139D4007F4DD3 /* MBFractalAxiomEditViewController.m in Sources */ = {isa = PBXBuildFile; fileRef = C531F3EF16E139D4007F4DD3 /* MBFractalAxiomEditViewController.m */; };
		C53956FB14BF5ABC00D7301B /* QuartzHelpers.m in Sources */ = {isa = PBXBuildFile; fileRef = C53956FA14BF5ABC00D7301B /* QuartzHelpers.m */; };
		C540634214DADC6A00FBDEA4 /* MBColor+addons.m in Sources */ = {isa = PBXBuildFile; fileRef = C540634114DADC6A00FBDEA4 /* MBColor+addons.m */; };
		C5450ED714BBB8D800CD2E09 /* MBFractalSegment.m in Sources */ = {isa = PBXBuildFile; fileRef = C5450ED614BBB8D800CD2E09 /* MBFractalSegment.m */; };
		C55131F314F5F6E80074137C /* MBFractalPropertyTableHeaderView.m in Sources */ = {isa = PBXBuildFile; fileRef = C55131F214F5F6E80074137C /* MBFractalPropertyTableHeaderView.m */; };
		C55131FA14F6A15E0074137C /* MBLSRuleTableViewCell.m in Sources */ = {isa = PBXBuildFile; fileRef = C55131F914F6A15E0074137C /* MBLSRuleTableViewCell.m */; };
		C551320114F731C70074137C /* MBStepperTableViewCell.m in Sources */ = {isa = PBXBuildFile; fileRef = C551320014F731C70074137C /* MBStepperTableViewCell.m */; };
		C55949C519D33549005521E7 /* MDUiKit.framework in Frameworks */ = {isa = PBXBuildFile; fileRef = C54922B519D32BE800A4FE49 /* MDUiKit.framework */; };
		C564A32919E722FA00839D9E /* MBDraggingItem.m in Sources */ = {isa = PBXBuildFile; fileRef = C564A32819E722FA00839D9E /* MBDraggingItem.m */; };
		C564A32C19E725C800839D9E /* MBAxiomEditorTableSection.m in Sources */ = {isa = PBXBuildFile; fileRef = C564A32B19E725C800839D9E /* MBAxiomEditorTableSection.m */; };
		C571D4D41A216F62001B62C7 /* LSDrawingRule.h in Headers */ = {isa = PBXBuildFile; fileRef = C571D4D21A216F62001B62C7 /* LSDrawingRule.h */; };
		C571D4D51A216F62001B62C7 /* LSDrawingRule.m in Sources */ = {isa = PBXBuildFile; fileRef = C571D4D31A216F62001B62C7 /* LSDrawingRule.m */; };
		C579625E16DC3E1200A8BCDC /* Root.plist in Resources */ = {isa = PBXBuildFile; fileRef = C579625C16DC3E1200A8BCDC /* Root.plist */; };
		C579626116DD480500A8BCDC /* MBCollectionFractalCell.m in Sources */ = {isa = PBXBuildFile; fileRef = C579626016DD480500A8BCDC /* MBCollectionFractalCell.m */; };
		C579626416DD4D7900A8BCDC /* MBCollectionFractalSupplementaryLabel.m in Sources */ = {isa = PBXBuildFile; fileRef = C579626316DD4D7900A8BCDC /* MBCollectionFractalSupplementaryLabel.m */; };
		C57EDE50170FC29900967F79 /* MBImmutableCellBackgroundView.m in Sources */ = {isa = PBXBuildFile; fileRef = C57EDE4F170FC29900967F79 /* MBImmutableCellBackgroundView.m */; };
		C57EDE53170FC2B700967F79 /* MBTextViewTableCell.m in Sources */ = {isa = PBXBuildFile; fileRef = C57EDE52170FC2B700967F79 /* MBTextViewTableCell.m */; };
		C57F32BC170209EE0072FE75 /* MBXibAutolayoutTableCell.m in Sources */ = {isa = PBXBuildFile; fileRef = C57F32BB170209EE0072FE75 /* MBXibAutolayoutTableCell.m */; };
		C588E23A19B7D8C60061B34A /* MBStyleKitButton.m in Sources */ = {isa = PBXBuildFile; fileRef = C588E23919B7D8C60061B34A /* MBStyleKitButton.m */; };
		C58FF3C014FE80FC00AB9659 /* FractalScapeIconiPhone57.png in Resources */ = {isa = PBXBuildFile; fileRef = C58FF3BF14FE80FC00AB9659 /* FractalScapeIconiPhone57.png */; };
		C58FF3C214FE810500AB9659 /* FractalScapeIconiPhone57@2x.png in Resources */ = {isa = PBXBuildFile; fileRef = C58FF3C114FE810500AB9659 /* FractalScapeIconiPhone57@2x.png */; };
		C5914ACF14C9F0D500856F57 /* LSDrawingRulesDefaultTypeList.plist in Resources */ = {isa = PBXBuildFile; fileRef = C5914ACE14C9F0D500856F57 /* LSDrawingRulesDefaultTypeList.plist */; };
		C5914AD014C9F0D500856F57 /* LSDrawingRulesDefaultTypeList.plist in Resources */ = {isa = PBXBuildFile; fileRef = C5914ACE14C9F0D500856F57 /* LSDrawingRulesDefaultTypeList.plist */; };
		C595A40219E58A1500A4BEB0 /* MBFractalTableDataSource.m in Sources */ = {isa = PBXBuildFile; fileRef = C595A40119E58A1500A4BEB0 /* MBFractalTableDataSource.m */; };
		C59AAE5519DC776000774441 /* RulesIcons.xcassets in Resources */ = {isa = PBXBuildFile; fileRef = C59AAE5419DC776000774441 /* RulesIcons.xcassets */; };
		C59AAE5719DC77CE00774441 /* UIMedia.xcassets in Resources */ = {isa = PBXBuildFile; fileRef = C59AAE5619DC77CE00774441 /* UIMedia.xcassets */; };
		C59AD2331A15434E00106614 /* MBCollectionCellItemProtocol.h in Headers */ = {isa = PBXBuildFile; fileRef = C59AD2321A15434E00106614 /* MBCollectionCellItemProtocol.h */; };
		C59E32171A111D020076B40B /* NSManagedObject+Shortcuts.m in Sources */ = {isa = PBXBuildFile; fileRef = C59E32161A111D020076B40B /* NSManagedObject+Shortcuts.m */; };
		C59E321A1A1125F80076B40B /* MBColorCategory+addons.m in Sources */ = {isa = PBXBuildFile; fileRef = C59E32191A1125F80076B40B /* MBColorCategory+addons.m */; };
		C59E321D1A112EDB0076B40B /* MBColorCategory.m in Sources */ = {isa = PBXBuildFile; fileRef = C59E321C1A112EDB0076B40B /* MBColorCategory.m */; };
		C59E32201A12AB950076B40B /* MBFractalColorViewContainer.m in Sources */ = {isa = PBXBuildFile; fileRef = C59E321F1A12AB950076B40B /* MBFractalColorViewContainer.m */; };
		C59F54641A2191AA006EB684 /* MBLSRuleSourceCollectionTableViewCell.h in Headers */ = {isa = PBXBuildFile; fileRef = C59F54621A2191AA006EB684 /* MBLSRuleSourceCollectionTableViewCell.h */; };
		C59F54651A2191AA006EB684 /* MBLSRuleSourceCollectionTableViewCell.m in Sources */ = {isa = PBXBuildFile; fileRef = C59F54631A2191AA006EB684 /* MBLSRuleSourceCollectionTableViewCell.m */; };
		C59F54681A2191CF006EB684 /* MBLSRuleDestinationCollectionTableViewCell.h in Headers */ = {isa = PBXBuildFile; fileRef = C59F54661A2191CF006EB684 /* MBLSRuleDestinationCollectionTableViewCell.h */; };
		C59F54691A2191CF006EB684 /* MBLSRuleDestinationCollectionTableViewCell.m in Sources */ = {isa = PBXBuildFile; fileRef = C59F54671A2191CF006EB684 /* MBLSRuleDestinationCollectionTableViewCell.m */; };
		C59FF02116441631006E2B27 /* Settings.bundle in Resources */ = {isa = PBXBuildFile; fileRef = C59FF02016441631006E2B27 /* Settings.bundle */; };
		C5A3EA6F16E7E6EF00D19155 /* MBColorSourceCollectionViewController.m in Sources */ = {isa = PBXBuildFile; fileRef = C5A3EA6E16E7E6EF00D19155 /* MBColorSourceCollectionViewController.m */; };
		C5A3EA7416E8194100D19155 /* Default-568h@2x.png in Resources */ = {isa = PBXBuildFile; fileRef = C5A3EA7316E8194100D19155 /* Default-568h@2x.png */; };
		C5A464F214C90BFA002BF0A3 /* LSFractalGenerator.m in Sources */ = {isa = PBXBuildFile; fileRef = C5A464F114C90BFA002BF0A3 /* LSFractalGenerator.m */; };
		C5A464F314C90BFA002BF0A3 /* LSFractalGenerator.m in Sources */ = {isa = PBXBuildFile; fileRef = C5A464F114C90BFA002BF0A3 /* LSFractalGenerator.m */; };
		C5A8B26C1A23C32A00A55847 /* LSFractal.h in Headers */ = {isa = PBXBuildFile; fileRef = C5A8B26A1A23C32A00A55847 /* LSFractal.h */; };
		C5A8B26D1A23C32A00A55847 /* LSFractal.m in Sources */ = {isa = PBXBuildFile; fileRef = C5A8B26B1A23C32A00A55847 /* LSFractal.m */; };
		C5AF42D414EC3E8200D3308F /* MBFractalExamineView.m in Sources */ = {isa = PBXBuildFile; fileRef = C5AF42D314EC3E8200D3308F /* MBFractalExamineView.m */; };
		C5AF5FB2170A3C3400990196 /* LSDrawingRuleType+addons.m in Sources */ = {isa = PBXBuildFile; fileRef = C5AF5FB1170A3C3400990196 /* LSDrawingRuleType+addons.m */; };
		C5B3F18319DC7C1900BDFAF5 /* Icons.xcassets in Resources */ = {isa = PBXBuildFile; fileRef = C5B3F18219DC7C1900BDFAF5 /* Icons.xcassets */; };
		C5B3F18619DC804100BDFAF5 /* FractalMedia.xcassets in Resources */ = {isa = PBXBuildFile; fileRef = C5B3F18519DC804100BDFAF5 /* FractalMedia.xcassets */; };
		C5B3F18819DC80C100BDFAF5 /* ColorPickerMedia.xcassets in Resources */ = {isa = PBXBuildFile; fileRef = C5B3F18719DC80C100BDFAF5 /* ColorPickerMedia.xcassets */; };
		C5B3F18B19DCB77B00BDFAF5 /* MBLSReplacementRuleTableViewCell.m in Sources */ = {isa = PBXBuildFile; fileRef = C5B3F18A19DCB77B00BDFAF5 /* MBLSReplacementRuleTableViewCell.m */; };
		C5B8470019D34A0D0094C725 /* MDUiKit.framework in Embed Frameworks */ = {isa = PBXBuildFile; fileRef = C54922B519D32BE800A4FE49 /* MDUiKit.framework */; settings = {ATTRIBUTES = (CodeSignOnCopy, RemoveHeadersOnCopy, ); }; };
		C5B979EB14B3AF3B00BB0022 /* QuartzCore.framework in Frameworks */ = {isa = PBXBuildFile; fileRef = C5B979EA14B3AF3B00BB0022 /* QuartzCore.framework */; };
		C5BA2B9314C6F2BE00F2B9D0 /* FSLibrary.xcdatamodeld in Sources */ = {isa = PBXBuildFile; fileRef = C5BA2B9114C6F2BE00F2B9D0 /* FSLibrary.xcdatamodeld */; };
		C5BA2BE614C6F58900F2B9D0 /* CoreData.framework in Frameworks */ = {isa = PBXBuildFile; fileRef = C5BA2BE514C6F58900F2B9D0 /* CoreData.framework */; };
		C5BA2BE714C6F59D00F2B9D0 /* CoreData.framework in Frameworks */ = {isa = PBXBuildFile; fileRef = C5BA2BE514C6F58900F2B9D0 /* CoreData.framework */; };
		C5BA7FE61A1868C400AFCF70 /* FractalScapeIconSet.h in Headers */ = {isa = PBXBuildFile; fileRef = C5BA7FE41A1868C400AFCF70 /* FractalScapeIconSet.h */; };
		C5BA7FE71A1868C400AFCF70 /* FractalScapeIconSet.m in Sources */ = {isa = PBXBuildFile; fileRef = C5BA7FE51A1868C400AFCF70 /* FractalScapeIconSet.m */; };
		C5CD99D819BA21FE0037E976 /* CloudKit.framework in Frameworks */ = {isa = PBXBuildFile; fileRef = C5CD99D719BA21FE0037E976 /* CloudKit.framework */; };
		C5CE9459170C9389002EF5FD /* MBColorsList.plist in Resources */ = {isa = PBXBuildFile; fileRef = C5CE9458170C9389002EF5FD /* MBColorsList.plist */; };
		C5CE945B170C93C3002EF5FD /* LSFractalsList.plist in Resources */ = {isa = PBXBuildFile; fileRef = C5CE945A170C93C3002EF5FD /* LSFractalsList.plist */; };
		C5D99F52170270450025D5BB /* MBBasicLabelTextTableCell.m in Sources */ = {isa = PBXBuildFile; fileRef = C5D99F51170270450025D5BB /* MBBasicLabelTextTableCell.m */; };
		C5D9C2C014D32BB500AC9B47 /* MBLSFractalEditViewController.m in Sources */ = {isa = PBXBuildFile; fileRef = C5D9C2BF14D32BB500AC9B47 /* MBLSFractalEditViewController.m */; };
		C5DA47E719EDC46600A0A432 /* CoreGraphics.framework in Frameworks */ = {isa = PBXBuildFile; fileRef = C5E6B78514A5346300DA48BD /* CoreGraphics.framework */; };
		C5DA47E919EDC46E00A0A432 /* QuartzCore.framework in Frameworks */ = {isa = PBXBuildFile; fileRef = C5B979EA14B3AF3B00BB0022 /* QuartzCore.framework */; };
		C5DA480019F011A400A0A432 /* LSReplacementRule.m in Sources */ = {isa = PBXBuildFile; fileRef = C5DA47FF19F011A400A0A432 /* LSReplacementRule.m */; };
		C5E22C2919DA105900B91607 /* MBLSRuleBaseCollectionTableViewCell.m in Sources */ = {isa = PBXBuildFile; fileRef = C5E22C2819DA105900B91607 /* MBLSRuleBaseCollectionTableViewCell.m */; };
		C5E22C2C19DA11FE00B91607 /* MBLSRuleBaseCollectionViewCell.m in Sources */ = {isa = PBXBuildFile; fileRef = C5E22C2B19DA11FE00B91607 /* MBLSRuleBaseCollectionViewCell.m */; };
		C5E22C2F19DA19CE00B91607 /* MBRuleCollectionDataSource.m in Sources */ = {isa = PBXBuildFile; fileRef = C5E22C2E19DA19CE00B91607 /* MBRuleCollectionDataSource.m */; };
		C5E556D514E2E24F00CAAB33 /* ColorPickerController.m in Sources */ = {isa = PBXBuildFile; fileRef = C5E556D214E2E24F00CAAB33 /* ColorPickerController.m */; };
		C5E556D614E2E24F00CAAB33 /* GradientView.m in Sources */ = {isa = PBXBuildFile; fileRef = C5E556D414E2E24F00CAAB33 /* GradientView.m */; };
		C5E556D914E2E6B300CAAB33 /* Localizable.strings in Resources */ = {isa = PBXBuildFile; fileRef = C5E556D714E2E6B300CAAB33 /* Localizable.strings */; };
		C5E6B78214A5346300DA48BD /* UIKit.framework in Frameworks */ = {isa = PBXBuildFile; fileRef = C5E6B78114A5346300DA48BD /* UIKit.framework */; };
		C5E6B78414A5346300DA48BD /* Foundation.framework in Frameworks */ = {isa = PBXBuildFile; fileRef = C5E6B78314A5346300DA48BD /* Foundation.framework */; };
		C5E6B78614A5346300DA48BD /* CoreGraphics.framework in Frameworks */ = {isa = PBXBuildFile; fileRef = C5E6B78514A5346300DA48BD /* CoreGraphics.framework */; };
		C5E6B78C14A5346300DA48BD /* InfoPlist.strings in Resources */ = {isa = PBXBuildFile; fileRef = C5E6B78A14A5346300DA48BD /* InfoPlist.strings */; };
		C5E6B78E14A5346300DA48BD /* main.m in Sources */ = {isa = PBXBuildFile; fileRef = C5E6B78D14A5346300DA48BD /* main.m */; };
		C5E6B79214A5346300DA48BD /* MBAppDelegate.m in Sources */ = {isa = PBXBuildFile; fileRef = C5E6B79114A5346300DA48BD /* MBAppDelegate.m */; };
		C5E6B79514A5346300DA48BD /* MainStoryboard_iPhone.storyboard in Resources */ = {isa = PBXBuildFile; fileRef = C5E6B79314A5346300DA48BD /* MainStoryboard_iPhone.storyboard */; };
		C5E6B79814A5346300DA48BD /* MainStoryboard_iPad.storyboard in Resources */ = {isa = PBXBuildFile; fileRef = C5E6B79614A5346300DA48BD /* MainStoryboard_iPad.storyboard */; };
		C5E6B79B14A5346300DA48BD /* MBFractalLibraryViewController.m in Sources */ = {isa = PBXBuildFile; fileRef = C5E6B79A14A5346300DA48BD /* MBFractalLibraryViewController.m */; };
		C5E6B7AF14A5346300DA48BD /* UIKit.framework in Frameworks */ = {isa = PBXBuildFile; fileRef = C5E6B78114A5346300DA48BD /* UIKit.framework */; };
		C5E6B7B014A5346300DA48BD /* Foundation.framework in Frameworks */ = {isa = PBXBuildFile; fileRef = C5E6B78314A5346300DA48BD /* Foundation.framework */; };
		C5E6B7B814A5346300DA48BD /* InfoPlist.strings in Resources */ = {isa = PBXBuildFile; fileRef = C5E6B7B614A5346300DA48BD /* InfoPlist.strings */; };
		C5E6B7BB14A5346300DA48BD /* FractalScapeTests.m in Sources */ = {isa = PBXBuildFile; fileRef = C5E6B7BA14A5346300DA48BD /* FractalScapeTests.m */; };
/* End PBXBuildFile section */

/* Begin PBXContainerItemProxy section */
		C54922B419D32BE800A4FE49 /* PBXContainerItemProxy */ = {
			isa = PBXContainerItemProxy;
			containerPortal = C54922AF19D32BE800A4FE49 /* MDUiKit.xcodeproj */;
			proxyType = 2;
			remoteGlobalIDString = C5BC6AA419D318E800BC1D1B;
			remoteInfo = MDUiKit;
		};
		C54922B619D32BE800A4FE49 /* PBXContainerItemProxy */ = {
			isa = PBXContainerItemProxy;
			containerPortal = C54922AF19D32BE800A4FE49 /* MDUiKit.xcodeproj */;
			proxyType = 2;
			remoteGlobalIDString = C5BC6AAF19D318E800BC1D1B;
			remoteInfo = MDUiKitTests;
		};
		C5B8470119D34A0D0094C725 /* PBXContainerItemProxy */ = {
			isa = PBXContainerItemProxy;
			containerPortal = C54922AF19D32BE800A4FE49 /* MDUiKit.xcodeproj */;
			proxyType = 1;
			remoteGlobalIDString = C5BC6AA319D318E800BC1D1B;
			remoteInfo = MDUiKit;
		};
		C5E6B7B114A5346300DA48BD /* PBXContainerItemProxy */ = {
			isa = PBXContainerItemProxy;
			containerPortal = C5E6B77414A5346200DA48BD /* Project object */;
			proxyType = 1;
			remoteGlobalIDString = C5E6B77C14A5346200DA48BD;
			remoteInfo = FractalScape;
		};
/* End PBXContainerItemProxy section */

/* Begin PBXCopyFilesBuildPhase section */
		C5B8470319D34A0D0094C725 /* Embed Frameworks */ = {
			isa = PBXCopyFilesBuildPhase;
			buildActionMask = 2147483647;
			dstPath = "";
			dstSubfolderSpec = 10;
			files = (
				C5B8470019D34A0D0094C725 /* MDUiKit.framework in Embed Frameworks */,
			);
			name = "Embed Frameworks";
			runOnlyForDeploymentPostprocessing = 0;
		};
/* End PBXCopyFilesBuildPhase section */

/* Begin PBXFileReference section */
		C5014777170B47DB00BD7488 /* LSDrawingRuleType.h */ = {isa = PBXFileReference; fileEncoding = 4; lastKnownFileType = sourcecode.c.h; name = LSDrawingRuleType.h; path = FractalScape/model/LSDrawingRuleType.h; sourceTree = "<group>"; };
		C5014778170B47DB00BD7488 /* LSDrawingRuleType.m */ = {isa = PBXFileReference; fileEncoding = 4; lastKnownFileType = sourcecode.c.objc; name = LSDrawingRuleType.m; path = FractalScape/model/LSDrawingRuleType.m; sourceTree = "<group>"; };
		C501477F170B47DB00BD7488 /* MBFractalScape.h */ = {isa = PBXFileReference; fileEncoding = 4; lastKnownFileType = sourcecode.c.h; name = MBFractalScape.h; path = FractalScape/model/MBFractalScape.h; sourceTree = "<group>"; };
		C5014780170B47DB00BD7488 /* MBFractalScape.m */ = {isa = PBXFileReference; fileEncoding = 4; lastKnownFileType = sourcecode.c.objc; name = MBFractalScape.m; path = FractalScape/model/MBFractalScape.m; sourceTree = "<group>"; };
		C5014783170B47DB00BD7488 /* MBPlacedEntity.h */ = {isa = PBXFileReference; fileEncoding = 4; lastKnownFileType = sourcecode.c.h; name = MBPlacedEntity.h; path = FractalScape/model/MBPlacedEntity.h; sourceTree = "<group>"; };
		C5014784170B47DB00BD7488 /* MBPlacedEntity.m */ = {isa = PBXFileReference; fileEncoding = 4; lastKnownFileType = sourcecode.c.objc; name = MBPlacedEntity.m; path = FractalScape/model/MBPlacedEntity.m; sourceTree = "<group>"; };
		C5014790170B4EB300BD7488 /* LSReplacementRule+addons.h */ = {isa = PBXFileReference; fileEncoding = 4; lastKnownFileType = sourcecode.c.h; name = "LSReplacementRule+addons.h"; path = "FractalScape/model/LSReplacementRule+addons.h"; sourceTree = "<group>"; };
		C5014791170B4EB300BD7488 /* LSReplacementRule+addons.m */ = {isa = PBXFileReference; fileEncoding = 4; lastKnownFileType = sourcecode.c.objc; name = "LSReplacementRule+addons.m"; path = "FractalScape/model/LSReplacementRule+addons.m"; sourceTree = "<group>"; };
		C509AF81170330A700025DF7 /* LSDrawingRule+addons.h */ = {isa = PBXFileReference; fileEncoding = 4; lastKnownFileType = sourcecode.c.h; name = "LSDrawingRule+addons.h"; path = "FractalScape/LSDrawingRule+addons.h"; sourceTree = "<group>"; };
		C509AF82170330A700025DF7 /* LSDrawingRule+addons.m */ = {isa = PBXFileReference; fileEncoding = 4; lastKnownFileType = sourcecode.c.objc; name = "LSDrawingRule+addons.m"; path = "FractalScape/LSDrawingRule+addons.m"; sourceTree = "<group>"; };
		C50B82931A02E06E00FBA03F /* MBFractalDescriptionTableCell.h */ = {isa = PBXFileReference; fileEncoding = 4; lastKnownFileType = sourcecode.c.h; name = MBFractalDescriptionTableCell.h; path = FractalScape/MBFractalDescriptionTableCell.h; sourceTree = "<group>"; };
		C50B82941A02E06E00FBA03F /* MBFractalDescriptionTableCell.m */ = {isa = PBXFileReference; fileEncoding = 4; lastKnownFileType = sourcecode.c.objc; name = MBFractalDescriptionTableCell.m; path = FractalScape/MBFractalDescriptionTableCell.m; sourceTree = "<group>"; };
		C50C825F19BF916300AD6A0F /* AssetsLibrary.framework */ = {isa = PBXFileReference; lastKnownFileType = wrapper.framework; name = AssetsLibrary.framework; path = System/Library/Frameworks/AssetsLibrary.framework; sourceTree = SDKROOT; };
		C51215C414DA2E6F007ED367 /* LSFractal+addons.h */ = {isa = PBXFileReference; fileEncoding = 4; lastKnownFileType = sourcecode.c.h; name = "LSFractal+addons.h"; path = "FractalScape/model/LSFractal+addons.h"; sourceTree = "<group>"; };
		C51215C514DA2E70007ED367 /* LSFractal+addons.m */ = {isa = PBXFileReference; fileEncoding = 4; lastKnownFileType = sourcecode.c.objc; name = "LSFractal+addons.m"; path = "FractalScape/model/LSFractal+addons.m"; sourceTree = "<group>"; };
		C5150F741A202D9E00DC8A0E /* MBFractalScape+addons.h */ = {isa = PBXFileReference; fileEncoding = 4; lastKnownFileType = sourcecode.c.h; name = "MBFractalScape+addons.h"; path = "FractalScape/model/MBFractalScape+addons.h"; sourceTree = "<group>"; };
		C5150F751A202D9E00DC8A0E /* MBFractalScape+addons.m */ = {isa = PBXFileReference; fileEncoding = 4; lastKnownFileType = sourcecode.c.objc; name = "MBFractalScape+addons.m"; path = "FractalScape/model/MBFractalScape+addons.m"; sourceTree = "<group>"; };
		C5150F781A202DDA00DC8A0E /* MBPlacedEntity+addons.h */ = {isa = PBXFileReference; fileEncoding = 4; lastKnownFileType = sourcecode.c.h; name = "MBPlacedEntity+addons.h"; path = "FractalScape/model/MBPlacedEntity+addons.h"; sourceTree = "<group>"; };
		C5150F791A202DDA00DC8A0E /* MBPlacedEntity+addons.m */ = {isa = PBXFileReference; fileEncoding = 4; lastKnownFileType = sourcecode.c.objc; name = "MBPlacedEntity+addons.m"; path = "FractalScape/model/MBPlacedEntity+addons.m"; sourceTree = "<group>"; };
		C5150F7C1A202E0B00DC8A0E /* MBScapeBackground+addons.h */ = {isa = PBXFileReference; fileEncoding = 4; lastKnownFileType = sourcecode.c.h; name = "MBScapeBackground+addons.h"; path = "FractalScape/model/MBScapeBackground+addons.h"; sourceTree = "<group>"; };
		C5150F7D1A202E0B00DC8A0E /* MBScapeBackground+addons.m */ = {isa = PBXFileReference; fileEncoding = 4; lastKnownFileType = sourcecode.c.objc; name = "MBScapeBackground+addons.m"; path = "FractalScape/model/MBScapeBackground+addons.m"; sourceTree = "<group>"; };
		C5150F801A20317100DC8A0E /* MBScapeBackground.h */ = {isa = PBXFileReference; fileEncoding = 4; lastKnownFileType = sourcecode.c.h; name = MBScapeBackground.h; path = FractalScape/model/MBScapeBackground.h; sourceTree = "<group>"; };
		C5150F811A20317100DC8A0E /* MBScapeBackground.m */ = {isa = PBXFileReference; fileEncoding = 4; lastKnownFileType = sourcecode.c.objc; name = MBScapeBackground.m; path = FractalScape/model/MBScapeBackground.m; sourceTree = "<group>"; };
		C5150F881A2036FA00DC8A0E /* MBColor.h */ = {isa = PBXFileReference; fileEncoding = 4; lastKnownFileType = sourcecode.c.h; name = MBColor.h; path = FractalScape/model/MBColor.h; sourceTree = "<group>"; };
		C5150F891A2036FA00DC8A0E /* MBColor.m */ = {isa = PBXFileReference; fileEncoding = 4; lastKnownFileType = sourcecode.c.objc; name = MBColor.m; path = FractalScape/model/MBColor.m; sourceTree = "<group>"; };
		C51DF52216E68E7F00FBDB8A /* MBFractalAppearanceEditorViewController.h */ = {isa = PBXFileReference; fileEncoding = 4; lastKnownFileType = sourcecode.c.h; name = MBFractalAppearanceEditorViewController.h; path = FractalScape/MBFractalAppearanceEditorViewController.h; sourceTree = "<group>"; };
		C51DF52316E68E7F00FBDB8A /* MBFractalAppearanceEditorViewController.m */ = {isa = PBXFileReference; fileEncoding = 4; lastKnownFileType = sourcecode.c.objc; name = MBFractalAppearanceEditorViewController.m; path = FractalScape/MBFractalAppearanceEditorViewController.m; sourceTree = "<group>"; };
		C525B9FA16F8A6C500CE2200 /* MBColorCellBackgroundView.h */ = {isa = PBXFileReference; fileEncoding = 4; lastKnownFileType = sourcecode.c.h; name = MBColorCellBackgroundView.h; path = FractalScape/MBColorCellBackgroundView.h; sourceTree = "<group>"; };
		C525B9FB16F8A6C500CE2200 /* MBColorCellBackgroundView.m */ = {isa = PBXFileReference; fileEncoding = 4; lastKnownFileType = sourcecode.c.objc; name = MBColorCellBackgroundView.m; path = FractalScape/MBColorCellBackgroundView.m; sourceTree = "<group>"; };
		C531F3EB16E1398E007F4DD3 /* MBFractalRulesEditorViewController.h */ = {isa = PBXFileReference; fileEncoding = 4; lastKnownFileType = sourcecode.c.h; name = MBFractalRulesEditorViewController.h; path = FractalScape/MBFractalRulesEditorViewController.h; sourceTree = "<group>"; };
		C531F3EC16E1398E007F4DD3 /* MBFractalRulesEditorViewController.m */ = {isa = PBXFileReference; fileEncoding = 4; lastKnownFileType = sourcecode.c.objc; name = MBFractalRulesEditorViewController.m; path = FractalScape/MBFractalRulesEditorViewController.m; sourceTree = "<group>"; };
		C531F3EE16E139D4007F4DD3 /* MBFractalAxiomEditViewController.h */ = {isa = PBXFileReference; fileEncoding = 4; lastKnownFileType = sourcecode.c.h; name = MBFractalAxiomEditViewController.h; path = FractalScape/MBFractalAxiomEditViewController.h; sourceTree = "<group>"; };
		C531F3EF16E139D4007F4DD3 /* MBFractalAxiomEditViewController.m */ = {isa = PBXFileReference; fileEncoding = 4; lastKnownFileType = sourcecode.c.objc; name = MBFractalAxiomEditViewController.m; path = FractalScape/MBFractalAxiomEditViewController.m; sourceTree = "<group>"; };
		C53305C517985877005D2A18 /* History.rtf */ = {isa = PBXFileReference; lastKnownFileType = text.rtf; name = History.rtf; path = resources/History.rtf; sourceTree = "<group>"; };
		C53956FA14BF5ABC00D7301B /* QuartzHelpers.m */ = {isa = PBXFileReference; fileEncoding = 4; lastKnownFileType = sourcecode.c.objc; name = QuartzHelpers.m; path = FractalScape/model/QuartzHelpers.m; sourceTree = "<group>"; };
		C53956FD14BF5B0000D7301B /* QuartzHelpers.h */ = {isa = PBXFileReference; fileEncoding = 4; lastKnownFileType = sourcecode.c.h; name = QuartzHelpers.h; path = FractalScape/model/QuartzHelpers.h; sourceTree = "<group>"; };
		C540634014DADC6A00FBDEA4 /* MBColor+addons.h */ = {isa = PBXFileReference; fileEncoding = 4; lastKnownFileType = sourcecode.c.h; name = "MBColor+addons.h"; path = "FractalScape/model/MBColor+addons.h"; sourceTree = "<group>"; };
		C540634114DADC6A00FBDEA4 /* MBColor+addons.m */ = {isa = PBXFileReference; fileEncoding = 4; lastKnownFileType = sourcecode.c.objc; name = "MBColor+addons.m"; path = "FractalScape/model/MBColor+addons.m"; sourceTree = "<group>"; };
		C544C71B19F56193002C2A2B /* MBLSRuleDragAndDropProtocol.h */ = {isa = PBXFileReference; fileEncoding = 4; lastKnownFileType = sourcecode.c.h; name = MBLSRuleDragAndDropProtocol.h; path = FractalScape/MBLSRuleDragAndDropProtocol.h; sourceTree = "<group>"; };
		C5450ED514BBB8D800CD2E09 /* MBFractalSegment.h */ = {isa = PBXFileReference; fileEncoding = 4; lastKnownFileType = sourcecode.c.h; name = MBFractalSegment.h; path = FractalScape/model/MBFractalSegment.h; sourceTree = "<group>"; };
		C5450ED614BBB8D800CD2E09 /* MBFractalSegment.m */ = {isa = PBXFileReference; fileEncoding = 4; lastKnownFileType = sourcecode.c.objc; name = MBFractalSegment.m; path = FractalScape/model/MBFractalSegment.m; sourceTree = "<group>"; };
		C54922AF19D32BE800A4FE49 /* MDUiKit.xcodeproj */ = {isa = PBXFileReference; lastKnownFileType = "wrapper.pb-project"; name = MDUiKit.xcodeproj; path = FractalScape/MDUiKitFramework/MDUiKit.xcodeproj; sourceTree = "<group>"; };
		C55131F114F5F6E80074137C /* MBFractalPropertyTableHeaderView.h */ = {isa = PBXFileReference; fileEncoding = 4; lastKnownFileType = sourcecode.c.h; name = MBFractalPropertyTableHeaderView.h; path = FractalScape/MBFractalPropertyTableHeaderView.h; sourceTree = "<group>"; };
		C55131F214F5F6E80074137C /* MBFractalPropertyTableHeaderView.m */ = {isa = PBXFileReference; fileEncoding = 4; lastKnownFileType = sourcecode.c.objc; name = MBFractalPropertyTableHeaderView.m; path = FractalScape/MBFractalPropertyTableHeaderView.m; sourceTree = "<group>"; };
		C55131F814F6A15E0074137C /* MBLSRuleTableViewCell.h */ = {isa = PBXFileReference; fileEncoding = 4; lastKnownFileType = sourcecode.c.h; name = MBLSRuleTableViewCell.h; path = FractalScape/MBLSRuleTableViewCell.h; sourceTree = "<group>"; };
		C55131F914F6A15E0074137C /* MBLSRuleTableViewCell.m */ = {isa = PBXFileReference; fileEncoding = 4; lastKnownFileType = sourcecode.c.objc; name = MBLSRuleTableViewCell.m; path = FractalScape/MBLSRuleTableViewCell.m; sourceTree = "<group>"; };
		C55131FF14F731C70074137C /* MBStepperTableViewCell.h */ = {isa = PBXFileReference; fileEncoding = 4; lastKnownFileType = sourcecode.c.h; name = MBStepperTableViewCell.h; path = FractalScape/MBStepperTableViewCell.h; sourceTree = "<group>"; };
		C551320014F731C70074137C /* MBStepperTableViewCell.m */ = {isa = PBXFileReference; fileEncoding = 4; lastKnownFileType = sourcecode.c.objc; name = MBStepperTableViewCell.m; path = FractalScape/MBStepperTableViewCell.m; sourceTree = "<group>"; };
		C564A32719E722FA00839D9E /* MBDraggingItem.h */ = {isa = PBXFileReference; fileEncoding = 4; lastKnownFileType = sourcecode.c.h; name = MBDraggingItem.h; path = FractalScape/MBDraggingItem.h; sourceTree = "<group>"; };
		C564A32819E722FA00839D9E /* MBDraggingItem.m */ = {isa = PBXFileReference; fileEncoding = 4; lastKnownFileType = sourcecode.c.objc; name = MBDraggingItem.m; path = FractalScape/MBDraggingItem.m; sourceTree = "<group>"; };
		C564A32A19E725C800839D9E /* MBAxiomEditorTableSection.h */ = {isa = PBXFileReference; fileEncoding = 4; lastKnownFileType = sourcecode.c.h; name = MBAxiomEditorTableSection.h; path = FractalScape/MBAxiomEditorTableSection.h; sourceTree = "<group>"; };
		C564A32B19E725C800839D9E /* MBAxiomEditorTableSection.m */ = {isa = PBXFileReference; fileEncoding = 4; lastKnownFileType = sourcecode.c.objc; name = MBAxiomEditorTableSection.m; path = FractalScape/MBAxiomEditorTableSection.m; sourceTree = "<group>"; };
		C571D4D21A216F62001B62C7 /* LSDrawingRule.h */ = {isa = PBXFileReference; fileEncoding = 4; lastKnownFileType = sourcecode.c.h; name = LSDrawingRule.h; path = FractalScape/model/LSDrawingRule.h; sourceTree = "<group>"; };
		C571D4D31A216F62001B62C7 /* LSDrawingRule.m */ = {isa = PBXFileReference; fileEncoding = 4; lastKnownFileType = sourcecode.c.objc; name = LSDrawingRule.m; path = FractalScape/model/LSDrawingRule.m; sourceTree = "<group>"; };
		C579625D16DC3E1200A8BCDC /* en */ = {isa = PBXFileReference; lastKnownFileType = text.plist.xml; name = en; path = en.lproj/Root.plist; sourceTree = "<group>"; };
		C579625F16DD480500A8BCDC /* MBCollectionFractalCell.h */ = {isa = PBXFileReference; fileEncoding = 4; lastKnownFileType = sourcecode.c.h; name = MBCollectionFractalCell.h; path = FractalScape/MBCollectionFractalCell.h; sourceTree = "<group>"; };
		C579626016DD480500A8BCDC /* MBCollectionFractalCell.m */ = {isa = PBXFileReference; fileEncoding = 4; lastKnownFileType = sourcecode.c.objc; name = MBCollectionFractalCell.m; path = FractalScape/MBCollectionFractalCell.m; sourceTree = "<group>"; };
		C579626216DD4D7900A8BCDC /* MBCollectionFractalSupplementaryLabel.h */ = {isa = PBXFileReference; fileEncoding = 4; lastKnownFileType = sourcecode.c.h; name = MBCollectionFractalSupplementaryLabel.h; path = FractalScape/MBCollectionFractalSupplementaryLabel.h; sourceTree = "<group>"; };
		C579626316DD4D7900A8BCDC /* MBCollectionFractalSupplementaryLabel.m */ = {isa = PBXFileReference; fileEncoding = 4; lastKnownFileType = sourcecode.c.objc; name = MBCollectionFractalSupplementaryLabel.m; path = FractalScape/MBCollectionFractalSupplementaryLabel.m; sourceTree = "<group>"; };
		C57EDE4E170FC29900967F79 /* MBImmutableCellBackgroundView.h */ = {isa = PBXFileReference; fileEncoding = 4; lastKnownFileType = sourcecode.c.h; name = MBImmutableCellBackgroundView.h; path = FractalScape/MBImmutableCellBackgroundView.h; sourceTree = "<group>"; };
		C57EDE4F170FC29900967F79 /* MBImmutableCellBackgroundView.m */ = {isa = PBXFileReference; fileEncoding = 4; lastKnownFileType = sourcecode.c.objc; name = MBImmutableCellBackgroundView.m; path = FractalScape/MBImmutableCellBackgroundView.m; sourceTree = "<group>"; };
		C57EDE51170FC2B700967F79 /* MBTextViewTableCell.h */ = {isa = PBXFileReference; fileEncoding = 4; lastKnownFileType = sourcecode.c.h; name = MBTextViewTableCell.h; path = FractalScape/MBTextViewTableCell.h; sourceTree = "<group>"; };
		C57EDE52170FC2B700967F79 /* MBTextViewTableCell.m */ = {isa = PBXFileReference; fileEncoding = 4; lastKnownFileType = sourcecode.c.objc; name = MBTextViewTableCell.m; path = FractalScape/MBTextViewTableCell.m; sourceTree = "<group>"; };
		C57F32BA170209EE0072FE75 /* MBXibAutolayoutTableCell.h */ = {isa = PBXFileReference; fileEncoding = 4; lastKnownFileType = sourcecode.c.h; name = MBXibAutolayoutTableCell.h; path = FractalScape/MBXibAutolayoutTableCell.h; sourceTree = "<group>"; };
		C57F32BB170209EE0072FE75 /* MBXibAutolayoutTableCell.m */ = {isa = PBXFileReference; fileEncoding = 4; lastKnownFileType = sourcecode.c.objc; name = MBXibAutolayoutTableCell.m; path = FractalScape/MBXibAutolayoutTableCell.m; sourceTree = "<group>"; };
		C588E23819B7D8C60061B34A /* MBStyleKitButton.h */ = {isa = PBXFileReference; fileEncoding = 4; lastKnownFileType = sourcecode.c.h; path = MBStyleKitButton.h; sourceTree = "<group>"; };
		C588E23919B7D8C60061B34A /* MBStyleKitButton.m */ = {isa = PBXFileReference; fileEncoding = 4; lastKnownFileType = sourcecode.c.objc; path = MBStyleKitButton.m; sourceTree = "<group>"; };
		C58FF3BF14FE80FC00AB9659 /* FractalScapeIconiPhone57.png */ = {isa = PBXFileReference; lastKnownFileType = image.png; path = FractalScapeIconiPhone57.png; sourceTree = "<group>"; };
		C58FF3C114FE810500AB9659 /* FractalScapeIconiPhone57@2x.png */ = {isa = PBXFileReference; lastKnownFileType = image.png; path = "FractalScapeIconiPhone57@2x.png"; sourceTree = "<group>"; };
		C5914ACE14C9F0D500856F57 /* LSDrawingRulesDefaultTypeList.plist */ = {isa = PBXFileReference; fileEncoding = 4; lastKnownFileType = text.plist.xml; name = LSDrawingRulesDefaultTypeList.plist; path = resources/LSDrawingRulesDefaultTypeList.plist; sourceTree = "<group>"; };
		C595A40019E58A1500A4BEB0 /* MBFractalTableDataSource.h */ = {isa = PBXFileReference; fileEncoding = 4; lastKnownFileType = sourcecode.c.h; name = MBFractalTableDataSource.h; path = FractalScape/MBFractalTableDataSource.h; sourceTree = "<group>"; };
		C595A40119E58A1500A4BEB0 /* MBFractalTableDataSource.m */ = {isa = PBXFileReference; fileEncoding = 4; lastKnownFileType = sourcecode.c.objc; name = MBFractalTableDataSource.m; path = FractalScape/MBFractalTableDataSource.m; sourceTree = "<group>"; };
		C59AAE5419DC776000774441 /* RulesIcons.xcassets */ = {isa = PBXFileReference; lastKnownFileType = folder.assetcatalog; path = RulesIcons.xcassets; sourceTree = "<group>"; };
		C59AAE5619DC77CE00774441 /* UIMedia.xcassets */ = {isa = PBXFileReference; lastKnownFileType = folder.assetcatalog; path = UIMedia.xcassets; sourceTree = "<group>"; };
		C59AD2321A15434E00106614 /* MBCollectionCellItemProtocol.h */ = {isa = PBXFileReference; fileEncoding = 4; lastKnownFileType = sourcecode.c.h; name = MBCollectionCellItemProtocol.h; path = FractalScape/MBCollectionCellItemProtocol.h; sourceTree = "<group>"; };
		C59E32151A111D020076B40B /* NSManagedObject+Shortcuts.h */ = {isa = PBXFileReference; fileEncoding = 4; lastKnownFileType = sourcecode.c.h; name = "NSManagedObject+Shortcuts.h"; path = "FractalScape/model/NSManagedObject+Shortcuts.h"; sourceTree = "<group>"; };
		C59E32161A111D020076B40B /* NSManagedObject+Shortcuts.m */ = {isa = PBXFileReference; fileEncoding = 4; lastKnownFileType = sourcecode.c.objc; name = "NSManagedObject+Shortcuts.m"; path = "FractalScape/model/NSManagedObject+Shortcuts.m"; sourceTree = "<group>"; };
		C59E32181A1125F80076B40B /* MBColorCategory+addons.h */ = {isa = PBXFileReference; fileEncoding = 4; lastKnownFileType = sourcecode.c.h; name = "MBColorCategory+addons.h"; path = "FractalScape/model/MBColorCategory+addons.h"; sourceTree = "<group>"; };
		C59E32191A1125F80076B40B /* MBColorCategory+addons.m */ = {isa = PBXFileReference; fileEncoding = 4; lastKnownFileType = sourcecode.c.objc; name = "MBColorCategory+addons.m"; path = "FractalScape/model/MBColorCategory+addons.m"; sourceTree = "<group>"; };
		C59E321B1A112EDB0076B40B /* MBColorCategory.h */ = {isa = PBXFileReference; fileEncoding = 4; lastKnownFileType = sourcecode.c.h; name = MBColorCategory.h; path = FractalScape/model/MBColorCategory.h; sourceTree = "<group>"; };
		C59E321C1A112EDB0076B40B /* MBColorCategory.m */ = {isa = PBXFileReference; fileEncoding = 4; lastKnownFileType = sourcecode.c.objc; name = MBColorCategory.m; path = FractalScape/model/MBColorCategory.m; sourceTree = "<group>"; };
		C59E321E1A12AB950076B40B /* MBFractalColorViewContainer.h */ = {isa = PBXFileReference; fileEncoding = 4; lastKnownFileType = sourcecode.c.h; name = MBFractalColorViewContainer.h; path = FractalScape/MBFractalColorViewContainer.h; sourceTree = "<group>"; };
		C59E321F1A12AB950076B40B /* MBFractalColorViewContainer.m */ = {isa = PBXFileReference; fileEncoding = 4; lastKnownFileType = sourcecode.c.objc; name = MBFractalColorViewContainer.m; path = FractalScape/MBFractalColorViewContainer.m; sourceTree = "<group>"; };
		C59F54621A2191AA006EB684 /* MBLSRuleSourceCollectionTableViewCell.h */ = {isa = PBXFileReference; fileEncoding = 4; lastKnownFileType = sourcecode.c.h; name = MBLSRuleSourceCollectionTableViewCell.h; path = FractalScape/MBLSRuleSourceCollectionTableViewCell.h; sourceTree = "<group>"; };
		C59F54631A2191AA006EB684 /* MBLSRuleSourceCollectionTableViewCell.m */ = {isa = PBXFileReference; fileEncoding = 4; lastKnownFileType = sourcecode.c.objc; name = MBLSRuleSourceCollectionTableViewCell.m; path = FractalScape/MBLSRuleSourceCollectionTableViewCell.m; sourceTree = "<group>"; };
		C59F54661A2191CF006EB684 /* MBLSRuleDestinationCollectionTableViewCell.h */ = {isa = PBXFileReference; fileEncoding = 4; lastKnownFileType = sourcecode.c.h; name = MBLSRuleDestinationCollectionTableViewCell.h; path = FractalScape/MBLSRuleDestinationCollectionTableViewCell.h; sourceTree = "<group>"; };
		C59F54671A2191CF006EB684 /* MBLSRuleDestinationCollectionTableViewCell.m */ = {isa = PBXFileReference; fileEncoding = 4; lastKnownFileType = sourcecode.c.objc; name = MBLSRuleDestinationCollectionTableViewCell.m; path = FractalScape/MBLSRuleDestinationCollectionTableViewCell.m; sourceTree = "<group>"; };
		C59FF02016441631006E2B27 /* Settings.bundle */ = {isa = PBXFileReference; lastKnownFileType = "wrapper.plug-in"; path = Settings.bundle; sourceTree = "<group>"; };
		C5A3EA6D16E7E6EF00D19155 /* MBColorSourceCollectionViewController.h */ = {isa = PBXFileReference; fileEncoding = 4; lastKnownFileType = sourcecode.c.h; name = MBColorSourceCollectionViewController.h; path = FractalScape/MBColorSourceCollectionViewController.h; sourceTree = "<group>"; };
		C5A3EA6E16E7E6EF00D19155 /* MBColorSourceCollectionViewController.m */ = {isa = PBXFileReference; fileEncoding = 4; lastKnownFileType = sourcecode.c.objc; name = MBColorSourceCollectionViewController.m; path = FractalScape/MBColorSourceCollectionViewController.m; sourceTree = "<group>"; };
		C5A3EA7316E8194100D19155 /* Default-568h@2x.png */ = {isa = PBXFileReference; lastKnownFileType = image.png; path = "Default-568h@2x.png"; sourceTree = "<group>"; };
		C5A464F014C90BFA002BF0A3 /* LSFractalGenerator.h */ = {isa = PBXFileReference; fileEncoding = 4; lastKnownFileType = sourcecode.c.h; name = LSFractalGenerator.h; path = FractalScape/model/LSFractalGenerator.h; sourceTree = "<group>"; };
		C5A464F114C90BFA002BF0A3 /* LSFractalGenerator.m */ = {isa = PBXFileReference; fileEncoding = 4; lastKnownFileType = sourcecode.c.objc; name = LSFractalGenerator.m; path = FractalScape/model/LSFractalGenerator.m; sourceTree = "<group>"; };
		C5A8B26A1A23C32A00A55847 /* LSFractal.h */ = {isa = PBXFileReference; fileEncoding = 4; lastKnownFileType = sourcecode.c.h; name = LSFractal.h; path = FractalScape/model/LSFractal.h; sourceTree = "<group>"; };
		C5A8B26B1A23C32A00A55847 /* LSFractal.m */ = {isa = PBXFileReference; fileEncoding = 4; lastKnownFileType = sourcecode.c.objc; name = LSFractal.m; path = FractalScape/model/LSFractal.m; sourceTree = "<group>"; };
		C5AF42D214EC3E8200D3308F /* MBFractalExamineView.h */ = {isa = PBXFileReference; fileEncoding = 4; lastKnownFileType = sourcecode.c.h; name = MBFractalExamineView.h; path = FractalScape/MBFractalExamineView.h; sourceTree = "<group>"; };
		C5AF42D314EC3E8200D3308F /* MBFractalExamineView.m */ = {isa = PBXFileReference; fileEncoding = 4; lastKnownFileType = sourcecode.c.objc; name = MBFractalExamineView.m; path = FractalScape/MBFractalExamineView.m; sourceTree = "<group>"; };
		C5AF5FB0170A3C3400990196 /* LSDrawingRuleType+addons.h */ = {isa = PBXFileReference; fileEncoding = 4; lastKnownFileType = sourcecode.c.h; name = "LSDrawingRuleType+addons.h"; path = "FractalScape/LSDrawingRuleType+addons.h"; sourceTree = "<group>"; };
		C5AF5FB1170A3C3400990196 /* LSDrawingRuleType+addons.m */ = {isa = PBXFileReference; fileEncoding = 4; lastKnownFileType = sourcecode.c.objc; name = "LSDrawingRuleType+addons.m"; path = "FractalScape/LSDrawingRuleType+addons.m"; sourceTree = "<group>"; };
		C5B3F18219DC7C1900BDFAF5 /* Icons.xcassets */ = {isa = PBXFileReference; lastKnownFileType = folder.assetcatalog; path = Icons.xcassets; sourceTree = "<group>"; };
		C5B3F18519DC804100BDFAF5 /* FractalMedia.xcassets */ = {isa = PBXFileReference; lastKnownFileType = folder.assetcatalog; path = FractalMedia.xcassets; sourceTree = "<group>"; };
		C5B3F18719DC80C100BDFAF5 /* ColorPickerMedia.xcassets */ = {isa = PBXFileReference; lastKnownFileType = folder.assetcatalog; path = ColorPickerMedia.xcassets; sourceTree = "<group>"; };
		C5B3F18919DCB77B00BDFAF5 /* MBLSReplacementRuleTableViewCell.h */ = {isa = PBXFileReference; fileEncoding = 4; lastKnownFileType = sourcecode.c.h; name = MBLSReplacementRuleTableViewCell.h; path = FractalScape/MBLSReplacementRuleTableViewCell.h; sourceTree = "<group>"; };
		C5B3F18A19DCB77B00BDFAF5 /* MBLSReplacementRuleTableViewCell.m */ = {isa = PBXFileReference; fileEncoding = 4; lastKnownFileType = sourcecode.c.objc; name = MBLSReplacementRuleTableViewCell.m; path = FractalScape/MBLSReplacementRuleTableViewCell.m; sourceTree = "<group>"; };
		C5B979EA14B3AF3B00BB0022 /* QuartzCore.framework */ = {isa = PBXFileReference; lastKnownFileType = wrapper.framework; name = QuartzCore.framework; path = System/Library/Frameworks/QuartzCore.framework; sourceTree = SDKROOT; };
		C5BA2B9214C6F2BE00F2B9D0 /* FSLibrary.xcdatamodel */ = {isa = PBXFileReference; lastKnownFileType = wrapper.xcdatamodel; path = FSLibrary.xcdatamodel; sourceTree = "<group>"; };
		C5BA2BE514C6F58900F2B9D0 /* CoreData.framework */ = {isa = PBXFileReference; lastKnownFileType = wrapper.framework; name = CoreData.framework; path = System/Library/Frameworks/CoreData.framework; sourceTree = SDKROOT; };
		C5BA7FE41A1868C400AFCF70 /* FractalScapeIconSet.h */ = {isa = PBXFileReference; fileEncoding = 4; lastKnownFileType = sourcecode.c.h; path = FractalScapeIconSet.h; sourceTree = "<group>"; };
		C5BA7FE51A1868C400AFCF70 /* FractalScapeIconSet.m */ = {isa = PBXFileReference; fileEncoding = 4; lastKnownFileType = sourcecode.c.objc; path = FractalScapeIconSet.m; sourceTree = "<group>"; };
		C5CD99D619BA21F40037E976 /* FractalScape.entitlements */ = {isa = PBXFileReference; lastKnownFileType = text.xml; name = FractalScape.entitlements; path = FractalScape/FractalScape.entitlements; sourceTree = "<group>"; };
		C5CD99D719BA21FE0037E976 /* CloudKit.framework */ = {isa = PBXFileReference; lastKnownFileType = wrapper.framework; name = CloudKit.framework; path = System/Library/Frameworks/CloudKit.framework; sourceTree = SDKROOT; };
		C5CE9458170C9389002EF5FD /* MBColorsList.plist */ = {isa = PBXFileReference; fileEncoding = 4; lastKnownFileType = text.plist.xml; name = MBColorsList.plist; path = resources/MBColorsList.plist; sourceTree = "<group>"; };
		C5CE945A170C93C3002EF5FD /* LSFractalsList.plist */ = {isa = PBXFileReference; fileEncoding = 4; lastKnownFileType = text.plist.xml; name = LSFractalsList.plist; path = resources/LSFractalsList.plist; sourceTree = "<group>"; };
		C5CF44BE16E532F5009CB7CF /* FractalControllerProtocol.h */ = {isa = PBXFileReference; fileEncoding = 4; lastKnownFileType = sourcecode.c.h; name = FractalControllerProtocol.h; path = FractalScape/FractalControllerProtocol.h; sourceTree = "<group>"; };
		C5D99F50170270450025D5BB /* MBBasicLabelTextTableCell.h */ = {isa = PBXFileReference; fileEncoding = 4; lastKnownFileType = sourcecode.c.h; name = MBBasicLabelTextTableCell.h; path = FractalScape/MBBasicLabelTextTableCell.h; sourceTree = "<group>"; };
		C5D99F51170270450025D5BB /* MBBasicLabelTextTableCell.m */ = {isa = PBXFileReference; fileEncoding = 4; lastKnownFileType = sourcecode.c.objc; name = MBBasicLabelTextTableCell.m; path = FractalScape/MBBasicLabelTextTableCell.m; sourceTree = "<group>"; };
		C5D9C2BE14D32BB500AC9B47 /* MBLSFractalEditViewController.h */ = {isa = PBXFileReference; fileEncoding = 4; lastKnownFileType = sourcecode.c.h; path = MBLSFractalEditViewController.h; sourceTree = "<group>"; };
		C5D9C2BF14D32BB500AC9B47 /* MBLSFractalEditViewController.m */ = {isa = PBXFileReference; fileEncoding = 4; lastKnownFileType = sourcecode.c.objc; path = MBLSFractalEditViewController.m; sourceTree = "<group>"; };
		C5DA47FE19F011A400A0A432 /* LSReplacementRule.h */ = {isa = PBXFileReference; fileEncoding = 4; lastKnownFileType = sourcecode.c.h; name = LSReplacementRule.h; path = FractalScape/model/LSReplacementRule.h; sourceTree = "<group>"; };
		C5DA47FF19F011A400A0A432 /* LSReplacementRule.m */ = {isa = PBXFileReference; fileEncoding = 4; lastKnownFileType = sourcecode.c.objc; name = LSReplacementRule.m; path = FractalScape/model/LSReplacementRule.m; sourceTree = "<group>"; };
		C5E22C2719DA105900B91607 /* MBLSRuleBaseCollectionTableViewCell.h */ = {isa = PBXFileReference; fileEncoding = 4; lastKnownFileType = sourcecode.c.h; name = MBLSRuleBaseCollectionTableViewCell.h; path = FractalScape/MBLSRuleBaseCollectionTableViewCell.h; sourceTree = "<group>"; };
		C5E22C2819DA105900B91607 /* MBLSRuleBaseCollectionTableViewCell.m */ = {isa = PBXFileReference; fileEncoding = 4; lastKnownFileType = sourcecode.c.objc; name = MBLSRuleBaseCollectionTableViewCell.m; path = FractalScape/MBLSRuleBaseCollectionTableViewCell.m; sourceTree = "<group>"; };
		C5E22C2A19DA11FE00B91607 /* MBLSRuleBaseCollectionViewCell.h */ = {isa = PBXFileReference; fileEncoding = 4; lastKnownFileType = sourcecode.c.h; name = MBLSRuleBaseCollectionViewCell.h; path = FractalScape/MBLSRuleBaseCollectionViewCell.h; sourceTree = "<group>"; };
		C5E22C2B19DA11FE00B91607 /* MBLSRuleBaseCollectionViewCell.m */ = {isa = PBXFileReference; fileEncoding = 4; lastKnownFileType = sourcecode.c.objc; name = MBLSRuleBaseCollectionViewCell.m; path = FractalScape/MBLSRuleBaseCollectionViewCell.m; sourceTree = "<group>"; };
		C5E22C2D19DA19CE00B91607 /* MBRuleCollectionDataSource.h */ = {isa = PBXFileReference; fileEncoding = 4; lastKnownFileType = sourcecode.c.h; name = MBRuleCollectionDataSource.h; path = FractalScape/MBRuleCollectionDataSource.h; sourceTree = "<group>"; };
		C5E22C2E19DA19CE00B91607 /* MBRuleCollectionDataSource.m */ = {isa = PBXFileReference; fileEncoding = 4; lastKnownFileType = sourcecode.c.objc; name = MBRuleCollectionDataSource.m; path = FractalScape/MBRuleCollectionDataSource.m; sourceTree = "<group>"; };
		C5E556D114E2E24F00CAAB33 /* ColorPickerController.h */ = {isa = PBXFileReference; fileEncoding = 4; lastKnownFileType = sourcecode.c.h; path = ColorPickerController.h; sourceTree = "<group>"; };
		C5E556D214E2E24F00CAAB33 /* ColorPickerController.m */ = {isa = PBXFileReference; explicitFileType = sourcecode.c.objc; fileEncoding = 4; path = ColorPickerController.m; sourceTree = "<group>"; };
		C5E556D314E2E24F00CAAB33 /* GradientView.h */ = {isa = PBXFileReference; fileEncoding = 4; lastKnownFileType = sourcecode.c.h; path = GradientView.h; sourceTree = "<group>"; };
		C5E556D414E2E24F00CAAB33 /* GradientView.m */ = {isa = PBXFileReference; fileEncoding = 4; lastKnownFileType = sourcecode.c.objc; path = GradientView.m; sourceTree = "<group>"; };
		C5E556D814E2E6B300CAAB33 /* en */ = {isa = PBXFileReference; lastKnownFileType = text.plist.strings; name = en; path = en.lproj/Localizable.strings; sourceTree = "<group>"; };
		C5E6B77D14A5346300DA48BD /* FractalScape.app */ = {isa = PBXFileReference; explicitFileType = wrapper.application; includeInIndex = 0; path = FractalScape.app; sourceTree = BUILT_PRODUCTS_DIR; };
		C5E6B78114A5346300DA48BD /* UIKit.framework */ = {isa = PBXFileReference; lastKnownFileType = wrapper.framework; name = UIKit.framework; path = System/Library/Frameworks/UIKit.framework; sourceTree = SDKROOT; };
		C5E6B78314A5346300DA48BD /* Foundation.framework */ = {isa = PBXFileReference; lastKnownFileType = wrapper.framework; name = Foundation.framework; path = System/Library/Frameworks/Foundation.framework; sourceTree = SDKROOT; };
		C5E6B78514A5346300DA48BD /* CoreGraphics.framework */ = {isa = PBXFileReference; lastKnownFileType = wrapper.framework; name = CoreGraphics.framework; path = System/Library/Frameworks/CoreGraphics.framework; sourceTree = SDKROOT; };
		C5E6B78914A5346300DA48BD /* FractalScape-Info.plist */ = {isa = PBXFileReference; lastKnownFileType = text.plist.xml; path = "FractalScape-Info.plist"; sourceTree = "<group>"; };
		C5E6B78B14A5346300DA48BD /* en */ = {isa = PBXFileReference; lastKnownFileType = text.plist.strings; name = en; path = en.lproj/InfoPlist.strings; sourceTree = "<group>"; };
		C5E6B78D14A5346300DA48BD /* main.m */ = {isa = PBXFileReference; lastKnownFileType = sourcecode.c.objc; path = main.m; sourceTree = "<group>"; };
		C5E6B78F14A5346300DA48BD /* FractalScape-Prefix.pch */ = {isa = PBXFileReference; lastKnownFileType = sourcecode.c.h; path = "FractalScape-Prefix.pch"; sourceTree = "<group>"; };
		C5E6B79014A5346300DA48BD /* MBAppDelegate.h */ = {isa = PBXFileReference; lastKnownFileType = sourcecode.c.h; path = MBAppDelegate.h; sourceTree = "<group>"; };
		C5E6B79114A5346300DA48BD /* MBAppDelegate.m */ = {isa = PBXFileReference; lastKnownFileType = sourcecode.c.objc; path = MBAppDelegate.m; sourceTree = "<group>"; };
		C5E6B79414A5346300DA48BD /* en */ = {isa = PBXFileReference; lastKnownFileType = file.storyboard; name = en; path = en.lproj/MainStoryboard_iPhone.storyboard; sourceTree = "<group>"; };
		C5E6B79714A5346300DA48BD /* en */ = {isa = PBXFileReference; lastKnownFileType = file.storyboard; name = en; path = en.lproj/MainStoryboard_iPad.storyboard; sourceTree = "<group>"; };
		C5E6B79914A5346300DA48BD /* MBFractalLibraryViewController.h */ = {isa = PBXFileReference; lastKnownFileType = sourcecode.c.h; name = MBFractalLibraryViewController.h; path = FractalScape/MBFractalLibraryViewController.h; sourceTree = "<group>"; };
		C5E6B79A14A5346300DA48BD /* MBFractalLibraryViewController.m */ = {isa = PBXFileReference; lastKnownFileType = sourcecode.c.objc; name = MBFractalLibraryViewController.m; path = FractalScape/MBFractalLibraryViewController.m; sourceTree = "<group>"; };
		C5E6B7AC14A5346300DA48BD /* FractalScapeTests.xctest */ = {isa = PBXFileReference; explicitFileType = wrapper.cfbundle; includeInIndex = 0; path = FractalScapeTests.xctest; sourceTree = BUILT_PRODUCTS_DIR; };
		C5E6B7B514A5346300DA48BD /* FractalScapeTests-Info.plist */ = {isa = PBXFileReference; lastKnownFileType = text.plist.xml; path = "FractalScapeTests-Info.plist"; sourceTree = "<group>"; };
		C5E6B7B714A5346300DA48BD /* en */ = {isa = PBXFileReference; lastKnownFileType = text.plist.strings; name = en; path = en.lproj/InfoPlist.strings; sourceTree = "<group>"; };
		C5E6B7B914A5346300DA48BD /* FractalScapeTests.h */ = {isa = PBXFileReference; lastKnownFileType = sourcecode.c.h; path = FractalScapeTests.h; sourceTree = "<group>"; };
		C5E6B7BA14A5346300DA48BD /* FractalScapeTests.m */ = {isa = PBXFileReference; lastKnownFileType = sourcecode.c.objc; path = FractalScapeTests.m; sourceTree = "<group>"; };
/* End PBXFileReference section */

/* Begin PBXFrameworksBuildPhase section */
		C5E6B77A14A5346200DA48BD /* Frameworks */ = {
			isa = PBXFrameworksBuildPhase;
			buildActionMask = 2147483647;
			files = (
				C55949C519D33549005521E7 /* MDUiKit.framework in Frameworks */,
				C50C826019BF916300AD6A0F /* AssetsLibrary.framework in Frameworks */,
				C5B979EB14B3AF3B00BB0022 /* QuartzCore.framework in Frameworks */,
				C5E6B78214A5346300DA48BD /* UIKit.framework in Frameworks */,
				C5E6B78414A5346300DA48BD /* Foundation.framework in Frameworks */,
				C5CD99D819BA21FE0037E976 /* CloudKit.framework in Frameworks */,
				C5E6B78614A5346300DA48BD /* CoreGraphics.framework in Frameworks */,
				C5BA2BE614C6F58900F2B9D0 /* CoreData.framework in Frameworks */,
			);
			runOnlyForDeploymentPostprocessing = 0;
		};
		C5E6B7A814A5346300DA48BD /* Frameworks */ = {
			isa = PBXFrameworksBuildPhase;
			buildActionMask = 2147483647;
			files = (
				C5DA47E919EDC46E00A0A432 /* QuartzCore.framework in Frameworks */,
				C5DA47E719EDC46600A0A432 /* CoreGraphics.framework in Frameworks */,
				C5E6B7AF14A5346300DA48BD /* UIKit.framework in Frameworks */,
				C5E6B7B014A5346300DA48BD /* Foundation.framework in Frameworks */,
				C5BA2BE714C6F59D00F2B9D0 /* CoreData.framework in Frameworks */,
			);
			runOnlyForDeploymentPostprocessing = 0;
		};
/* End PBXFrameworksBuildPhase section */

/* Begin PBXGroup section */
		C540634414DADC7500FBDEA4 /* Categories */ = {
			isa = PBXGroup;
			children = (
				C51215C414DA2E6F007ED367 /* LSFractal+addons.h */,
				C51215C514DA2E70007ED367 /* LSFractal+addons.m */,
				C540634014DADC6A00FBDEA4 /* MBColor+addons.h */,
				C540634114DADC6A00FBDEA4 /* MBColor+addons.m */,
				C59E32181A1125F80076B40B /* MBColorCategory+addons.h */,
				C59E32191A1125F80076B40B /* MBColorCategory+addons.m */,
				C509AF81170330A700025DF7 /* LSDrawingRule+addons.h */,
				C509AF82170330A700025DF7 /* LSDrawingRule+addons.m */,
				C5AF5FB0170A3C3400990196 /* LSDrawingRuleType+addons.h */,
				C5AF5FB1170A3C3400990196 /* LSDrawingRuleType+addons.m */,
				C5014790170B4EB300BD7488 /* LSReplacementRule+addons.h */,
				C5014791170B4EB300BD7488 /* LSReplacementRule+addons.m */,
				C59E32151A111D020076B40B /* NSManagedObject+Shortcuts.h */,
				C59E32161A111D020076B40B /* NSManagedObject+Shortcuts.m */,
				C5150F741A202D9E00DC8A0E /* MBFractalScape+addons.h */,
				C5150F751A202D9E00DC8A0E /* MBFractalScape+addons.m */,
				C5150F781A202DDA00DC8A0E /* MBPlacedEntity+addons.h */,
				C5150F791A202DDA00DC8A0E /* MBPlacedEntity+addons.m */,
				C5150F7C1A202E0B00DC8A0E /* MBScapeBackground+addons.h */,
				C5150F7D1A202E0B00DC8A0E /* MBScapeBackground+addons.m */,
			);
			name = Categories;
			sourceTree = "<group>";
		};
		C5450ED014BBB7DB00CD2E09 /* Views */ = {
			isa = PBXGroup;
			children = (
				C57F32B8170209610072FE75 /* TableCells */,
				C5AF42D214EC3E8200D3308F /* MBFractalExamineView.h */,
				C5AF42D314EC3E8200D3308F /* MBFractalExamineView.m */,
			);
			name = Views;
			sourceTree = "<group>";
		};
		C54922B019D32BE800A4FE49 /* Products */ = {
			isa = PBXGroup;
			children = (
				C54922B519D32BE800A4FE49 /* MDUiKit.framework */,
				C54922B719D32BE800A4FE49 /* MDUiKitTests.xctest */,
			);
			name = Products;
			sourceTree = "<group>";
		};
		C57F32B8170209610072FE75 /* TableCells */ = {
			isa = PBXGroup;
			children = (
				C57EDE51170FC2B700967F79 /* MBTextViewTableCell.h */,
				C57EDE52170FC2B700967F79 /* MBTextViewTableCell.m */,
				C55131F114F5F6E80074137C /* MBFractalPropertyTableHeaderView.h */,
				C55131F214F5F6E80074137C /* MBFractalPropertyTableHeaderView.m */,
				C55131F814F6A15E0074137C /* MBLSRuleTableViewCell.h */,
				C55131F914F6A15E0074137C /* MBLSRuleTableViewCell.m */,
				C55131FF14F731C70074137C /* MBStepperTableViewCell.h */,
				C551320014F731C70074137C /* MBStepperTableViewCell.m */,
				C57F32BA170209EE0072FE75 /* MBXibAutolayoutTableCell.h */,
				C57F32BB170209EE0072FE75 /* MBXibAutolayoutTableCell.m */,
				C5D99F50170270450025D5BB /* MBBasicLabelTextTableCell.h */,
				C5D99F51170270450025D5BB /* MBBasicLabelTextTableCell.m */,
				C50B82931A02E06E00FBA03F /* MBFractalDescriptionTableCell.h */,
				C50B82941A02E06E00FBA03F /* MBFractalDescriptionTableCell.m */,
			);
			name = TableCells;
			sourceTree = "<group>";
		};
		C5914AAC14C9ED2C00856F57 /* CoreData */ = {
			isa = PBXGroup;
			children = (
				C5A8B26A1A23C32A00A55847 /* LSFractal.h */,
				C5A8B26B1A23C32A00A55847 /* LSFractal.m */,
				C571D4D21A216F62001B62C7 /* LSDrawingRule.h */,
				C571D4D31A216F62001B62C7 /* LSDrawingRule.m */,
				C5150F881A2036FA00DC8A0E /* MBColor.h */,
				C5150F891A2036FA00DC8A0E /* MBColor.m */,
				C5150F801A20317100DC8A0E /* MBScapeBackground.h */,
				C5150F811A20317100DC8A0E /* MBScapeBackground.m */,
				C59E321B1A112EDB0076B40B /* MBColorCategory.h */,
				C59E321C1A112EDB0076B40B /* MBColorCategory.m */,
				C540634414DADC7500FBDEA4 /* Categories */,
				C5DA47FE19F011A400A0A432 /* LSReplacementRule.h */,
				C5DA47FF19F011A400A0A432 /* LSReplacementRule.m */,
				C5014777170B47DB00BD7488 /* LSDrawingRuleType.h */,
				C5014778170B47DB00BD7488 /* LSDrawingRuleType.m */,
				C501477F170B47DB00BD7488 /* MBFractalScape.h */,
				C5014780170B47DB00BD7488 /* MBFractalScape.m */,
				C5014783170B47DB00BD7488 /* MBPlacedEntity.h */,
				C5014784170B47DB00BD7488 /* MBPlacedEntity.m */,
				C5BA2B9114C6F2BE00F2B9D0 /* FSLibrary.xcdatamodeld */,
			);
			name = CoreData;
			sourceTree = "<group>";
		};
		C59C859119E0312C00753651 /* Rules */ = {
			isa = PBXGroup;
			children = (
				C531F3EE16E139D4007F4DD3 /* MBFractalAxiomEditViewController.h */,
				C531F3EF16E139D4007F4DD3 /* MBFractalAxiomEditViewController.m */,
				C564A32719E722FA00839D9E /* MBDraggingItem.h */,
				C564A32819E722FA00839D9E /* MBDraggingItem.m */,
				C544C71B19F56193002C2A2B /* MBLSRuleDragAndDropProtocol.h */,
				C59AD2321A15434E00106614 /* MBCollectionCellItemProtocol.h */,
				C564A32A19E725C800839D9E /* MBAxiomEditorTableSection.h */,
				C564A32B19E725C800839D9E /* MBAxiomEditorTableSection.m */,
				C595A40019E58A1500A4BEB0 /* MBFractalTableDataSource.h */,
				C595A40119E58A1500A4BEB0 /* MBFractalTableDataSource.m */,
				C5E22C2719DA105900B91607 /* MBLSRuleBaseCollectionTableViewCell.h */,
				C5E22C2819DA105900B91607 /* MBLSRuleBaseCollectionTableViewCell.m */,
				C5B3F18919DCB77B00BDFAF5 /* MBLSReplacementRuleTableViewCell.h */,
				C5B3F18A19DCB77B00BDFAF5 /* MBLSReplacementRuleTableViewCell.m */,
				C5E22C2D19DA19CE00B91607 /* MBRuleCollectionDataSource.h */,
				C5E22C2E19DA19CE00B91607 /* MBRuleCollectionDataSource.m */,
				C5E22C2A19DA11FE00B91607 /* MBLSRuleBaseCollectionViewCell.h */,
				C5E22C2B19DA11FE00B91607 /* MBLSRuleBaseCollectionViewCell.m */,
				C59F54621A2191AA006EB684 /* MBLSRuleSourceCollectionTableViewCell.h */,
				C59F54631A2191AA006EB684 /* MBLSRuleSourceCollectionTableViewCell.m */,
				C59F54661A2191CF006EB684 /* MBLSRuleDestinationCollectionTableViewCell.h */,
				C59F54671A2191CF006EB684 /* MBLSRuleDestinationCollectionTableViewCell.m */,
			);
			name = Rules;
			sourceTree = "<group>";
		};
		C5E556CF14E2E21600CAAB33 /* ColorPicker */ = {
			isa = PBXGroup;
			children = (
				C5E556D114E2E24F00CAAB33 /* ColorPickerController.h */,
				C5E556D214E2E24F00CAAB33 /* ColorPickerController.m */,
				C5E556D314E2E24F00CAAB33 /* GradientView.h */,
				C5E556D414E2E24F00CAAB33 /* GradientView.m */,
			);
			name = ColorPicker;
			sourceTree = "<group>";
		};
		C5E6B77214A5346200DA48BD = {
			isa = PBXGroup;
			children = (
				C54922AF19D32BE800A4FE49 /* MDUiKit.xcodeproj */,
				C5CD99D619BA21F40037E976 /* FractalScape.entitlements */,
				C5A3EA7316E8194100D19155 /* Default-568h@2x.png */,
				C58FF3C114FE810500AB9659 /* FractalScapeIconiPhone57@2x.png */,
				C58FF3BF14FE80FC00AB9659 /* FractalScapeIconiPhone57.png */,
				C5E6B7C414A5359A00DA48BD /* Model */,
				C5E6B78714A5346300DA48BD /* FractalScape Main */,
				C5450ED014BBB7DB00CD2E09 /* Views */,
				C5FFAB0E1A14F89F00662211 /* Popovers */,
				C5E6B78814A5346300DA48BD /* Supporting Files */,
				C5FFAB131A14FA3400662211 /* OldUnused */,
				C5E6B7B314A5346300DA48BD /* Tests */,
				C5E6B78014A5346300DA48BD /* Frameworks */,
				C5E6B77E14A5346300DA48BD /* Products */,
			);
			sourceTree = "<group>";
		};
		C5E6B77E14A5346300DA48BD /* Products */ = {
			isa = PBXGroup;
			children = (
				C5E6B77D14A5346300DA48BD /* FractalScape.app */,
				C5E6B7AC14A5346300DA48BD /* FractalScapeTests.xctest */,
			);
			name = Products;
			sourceTree = "<group>";
		};
		C5E6B78014A5346300DA48BD /* Frameworks */ = {
			isa = PBXGroup;
			children = (
				C50C825F19BF916300AD6A0F /* AssetsLibrary.framework */,
				C5CD99D719BA21FE0037E976 /* CloudKit.framework */,
				C5BA2BE514C6F58900F2B9D0 /* CoreData.framework */,
				C5B979EA14B3AF3B00BB0022 /* QuartzCore.framework */,
				C5E6B78114A5346300DA48BD /* UIKit.framework */,
				C5E6B78314A5346300DA48BD /* Foundation.framework */,
				C5E6B78514A5346300DA48BD /* CoreGraphics.framework */,
			);
			name = Frameworks;
			sourceTree = "<group>";
		};
		C5E6B78714A5346300DA48BD /* FractalScape Main */ = {
			isa = PBXGroup;
			children = (
				C5E6B79014A5346300DA48BD /* MBAppDelegate.h */,
				C5E6B79114A5346300DA48BD /* MBAppDelegate.m */,
				C5E6B79614A5346300DA48BD /* MainStoryboard_iPad.storyboard */,
				C5E6B79314A5346300DA48BD /* MainStoryboard_iPhone.storyboard */,
				C5D9C2BE14D32BB500AC9B47 /* MBLSFractalEditViewController.h */,
				C5D9C2BF14D32BB500AC9B47 /* MBLSFractalEditViewController.m */,
			);
			name = "FractalScape Main";
			path = FractalScape;
			sourceTree = "<group>";
		};
		C5E6B78814A5346300DA48BD /* Supporting Files */ = {
			isa = PBXGroup;
			children = (
				C5BA7FE41A1868C400AFCF70 /* FractalScapeIconSet.h */,
				C5BA7FE51A1868C400AFCF70 /* FractalScapeIconSet.m */,
				C5914ACE14C9F0D500856F57 /* LSDrawingRulesDefaultTypeList.plist */,
				C5CE9458170C9389002EF5FD /* MBColorsList.plist */,
				C5CE945A170C93C3002EF5FD /* LSFractalsList.plist */,
				C5E6B78A14A5346300DA48BD /* InfoPlist.strings */,
				C5E6B78914A5346300DA48BD /* FractalScape-Info.plist */,
				C5E6B78F14A5346300DA48BD /* FractalScape-Prefix.pch */,
				C5E556D714E2E6B300CAAB33 /* Localizable.strings */,
				C5E6B78D14A5346300DA48BD /* main.m */,
				C579625C16DC3E1200A8BCDC /* Root.plist */,
				C59FF02016441631006E2B27 /* Settings.bundle */,
				C53305C517985877005D2A18 /* History.rtf */,
				C59AAE5419DC776000774441 /* RulesIcons.xcassets */,
				C59AAE5619DC77CE00774441 /* UIMedia.xcassets */,
				C5B3F18219DC7C1900BDFAF5 /* Icons.xcassets */,
				C5B3F18519DC804100BDFAF5 /* FractalMedia.xcassets */,
			);
			name = "Supporting Files";
			path = FractalScape;
			sourceTree = "<group>";
		};
		C5E6B7B314A5346300DA48BD /* Tests */ = {
			isa = PBXGroup;
			children = (
				C5E6B7B914A5346300DA48BD /* FractalScapeTests.h */,
				C5E6B7BA14A5346300DA48BD /* FractalScapeTests.m */,
				C5E6B7B414A5346300DA48BD /* Supporting Files */,
			);
			path = Tests;
			sourceTree = "<group>";
		};
		C5E6B7B414A5346300DA48BD /* Supporting Files */ = {
			isa = PBXGroup;
			children = (
				C5E6B7B514A5346300DA48BD /* FractalScapeTests-Info.plist */,
				C5E6B7B614A5346300DA48BD /* InfoPlist.strings */,
			);
			name = "Supporting Files";
			sourceTree = "<group>";
		};
		C5E6B7C414A5359A00DA48BD /* Model */ = {
			isa = PBXGroup;
			children = (
				C5914AAC14C9ED2C00856F57 /* CoreData */,
				C5A464F014C90BFA002BF0A3 /* LSFractalGenerator.h */,
				C5A464F114C90BFA002BF0A3 /* LSFractalGenerator.m */,
				C5450ED514BBB8D800CD2E09 /* MBFractalSegment.h */,
				C5450ED614BBB8D800CD2E09 /* MBFractalSegment.m */,
				C53956FD14BF5B0000D7301B /* QuartzHelpers.h */,
				C53956FA14BF5ABC00D7301B /* QuartzHelpers.m */,
			);
			name = Model;
			sourceTree = SOURCE_ROOT;
		};
		C5FFAB0E1A14F89F00662211 /* Popovers */ = {
			isa = PBXGroup;
			children = (
				C5CF44BE16E532F5009CB7CF /* FractalControllerProtocol.h */,
				C51DF52216E68E7F00FBDB8A /* MBFractalAppearanceEditorViewController.h */,
				C51DF52316E68E7F00FBDB8A /* MBFractalAppearanceEditorViewController.m */,
				C5FFAB121A14F90B00662211 /* Library */,
				C59C859119E0312C00753651 /* Rules */,
				C5FFAB101A14F8BD00662211 /* NewRulesEditView */,
				C5FFAB0F1A14F8B300662211 /* Colors */,
			);
			name = Popovers;
			sourceTree = "<group>";
		};
		C5FFAB0F1A14F8B300662211 /* Colors */ = {
			isa = PBXGroup;
			children = (
				C59E321E1A12AB950076B40B /* MBFractalColorViewContainer.h */,
				C59E321F1A12AB950076B40B /* MBFractalColorViewContainer.m */,
				C5A3EA6D16E7E6EF00D19155 /* MBColorSourceCollectionViewController.h */,
				C5A3EA6E16E7E6EF00D19155 /* MBColorSourceCollectionViewController.m */,
			);
			name = Colors;
			sourceTree = "<group>";
		};
		C5FFAB101A14F8BD00662211 /* NewRulesEditView */ = {
			isa = PBXGroup;
			children = (
				C531F3EB16E1398E007F4DD3 /* MBFractalRulesEditorViewController.h */,
				C531F3EC16E1398E007F4DD3 /* MBFractalRulesEditorViewController.m */,
			);
			name = NewRulesEditView;
			sourceTree = "<group>";
		};
		C5FFAB121A14F90B00662211 /* Library */ = {
			isa = PBXGroup;
			children = (
				C5E6B79914A5346300DA48BD /* MBFractalLibraryViewController.h */,
				C5E6B79A14A5346300DA48BD /* MBFractalLibraryViewController.m */,
				C57EDE4E170FC29900967F79 /* MBImmutableCellBackgroundView.h */,
				C57EDE4F170FC29900967F79 /* MBImmutableCellBackgroundView.m */,
				C525B9FA16F8A6C500CE2200 /* MBColorCellBackgroundView.h */,
				C525B9FB16F8A6C500CE2200 /* MBColorCellBackgroundView.m */,
				C579625F16DD480500A8BCDC /* MBCollectionFractalCell.h */,
				C579626016DD480500A8BCDC /* MBCollectionFractalCell.m */,
				C579626216DD4D7900A8BCDC /* MBCollectionFractalSupplementaryLabel.h */,
				C579626316DD4D7900A8BCDC /* MBCollectionFractalSupplementaryLabel.m */,
			);
			name = Library;
			sourceTree = "<group>";
		};
		C5FFAB131A14FA3400662211 /* OldUnused */ = {
			isa = PBXGroup;
			children = (
				C5B3F18719DC80C100BDFAF5 /* ColorPickerMedia.xcassets */,
				C5E556CF14E2E21600CAAB33 /* ColorPicker */,
				C588E23819B7D8C60061B34A /* MBStyleKitButton.h */,
				C588E23919B7D8C60061B34A /* MBStyleKitButton.m */,
			);
			name = OldUnused;
			path = FractalScape;
			sourceTree = "<group>";
		};
/* End PBXGroup section */

/* Begin PBXHeadersBuildPhase section */
		C55AAA6B1A153A4D0023DE47 /* Headers */ = {
			isa = PBXHeadersBuildPhase;
			buildActionMask = 2147483647;
			files = (
				C5150F821A20317100DC8A0E /* MBScapeBackground.h in Headers */,
				C59F54681A2191CF006EB684 /* MBLSRuleDestinationCollectionTableViewCell.h in Headers */,
				C59AD2331A15434E00106614 /* MBCollectionCellItemProtocol.h in Headers */,
				C59F54641A2191AA006EB684 /* MBLSRuleSourceCollectionTableViewCell.h in Headers */,
				C5150F7E1A202E0B00DC8A0E /* MBScapeBackground+addons.h in Headers */,
				C5BA7FE61A1868C400AFCF70 /* FractalScapeIconSet.h in Headers */,
				C5A8B26C1A23C32A00A55847 /* LSFractal.h in Headers */,
				C5150F8A1A2036FA00DC8A0E /* MBColor.h in Headers */,
				C571D4D41A216F62001B62C7 /* LSDrawingRule.h in Headers */,
				C5150F7A1A202DDA00DC8A0E /* MBPlacedEntity+addons.h in Headers */,
				C5150F761A202D9E00DC8A0E /* MBFractalScape+addons.h in Headers */,
			);
			runOnlyForDeploymentPostprocessing = 0;
		};
/* End PBXHeadersBuildPhase section */

/* Begin PBXNativeTarget section */
		C5E6B77C14A5346200DA48BD /* FractalScape */ = {
			isa = PBXNativeTarget;
			buildConfigurationList = C5E6B7BE14A5346300DA48BD /* Build configuration list for PBXNativeTarget "FractalScape" */;
			buildPhases = (
				C5E6B77914A5346200DA48BD /* Sources */,
				C5E6B77A14A5346200DA48BD /* Frameworks */,
				C5E6B77B14A5346200DA48BD /* Resources */,
				C5B8470319D34A0D0094C725 /* Embed Frameworks */,
				C55AAA6B1A153A4D0023DE47 /* Headers */,
			);
			buildRules = (
			);
			dependencies = (
				C5B8470219D34A0D0094C725 /* PBXTargetDependency */,
			);
			name = FractalScape;
			productName = FractalScape;
			productReference = C5E6B77D14A5346300DA48BD /* FractalScape.app */;
			productType = "com.apple.product-type.application";
		};
		C5E6B7AB14A5346300DA48BD /* FractalScapeTests */ = {
			isa = PBXNativeTarget;
			buildConfigurationList = C5E6B7C114A5346300DA48BD /* Build configuration list for PBXNativeTarget "FractalScapeTests" */;
			buildPhases = (
				C5E6B7A714A5346300DA48BD /* Sources */,
				C5E6B7A814A5346300DA48BD /* Frameworks */,
				C5E6B7A914A5346300DA48BD /* Resources */,
				C5E6B7AA14A5346300DA48BD /* ShellScript */,
			);
			buildRules = (
			);
			dependencies = (
				C5E6B7B214A5346300DA48BD /* PBXTargetDependency */,
			);
			name = FractalScapeTests;
			productName = FractalScapeTests;
			productReference = C5E6B7AC14A5346300DA48BD /* FractalScapeTests.xctest */;
			productType = "com.apple.product-type.bundle.unit-test";
		};
/* End PBXNativeTarget section */

/* Begin PBXProject section */
		C5E6B77414A5346200DA48BD /* Project object */ = {
			isa = PBXProject;
			attributes = {
				LastTestingUpgradeCheck = 0600;
				LastUpgradeCheck = 0600;
				ORGANIZATIONNAME = "MOEDAE LLC";
				TargetAttributes = {
					C5E6B77C14A5346200DA48BD = {
						DevelopmentTeam = 6569EWWSLR;
						SystemCapabilities = {
							com.apple.iCloud = {
								enabled = 1;
							};
						};
					};
				};
			};
			buildConfigurationList = C5E6B77714A5346200DA48BD /* Build configuration list for PBXProject "FractalScape" */;
			compatibilityVersion = "Xcode 3.2";
			developmentRegion = English;
			hasScannedForEncodings = 0;
			knownRegions = (
				en,
			);
			mainGroup = C5E6B77214A5346200DA48BD;
			productRefGroup = C5E6B77E14A5346300DA48BD /* Products */;
			projectDirPath = "";
			projectReferences = (
				{
					ProductGroup = C54922B019D32BE800A4FE49 /* Products */;
					ProjectRef = C54922AF19D32BE800A4FE49 /* MDUiKit.xcodeproj */;
				},
			);
			projectRoot = "";
			targets = (
				C5E6B77C14A5346200DA48BD /* FractalScape */,
				C5E6B7AB14A5346300DA48BD /* FractalScapeTests */,
			);
		};
/* End PBXProject section */

/* Begin PBXReferenceProxy section */
		C54922B519D32BE800A4FE49 /* MDUiKit.framework */ = {
			isa = PBXReferenceProxy;
			fileType = wrapper.framework;
			path = MDUiKit.framework;
			remoteRef = C54922B419D32BE800A4FE49 /* PBXContainerItemProxy */;
			sourceTree = BUILT_PRODUCTS_DIR;
		};
		C54922B719D32BE800A4FE49 /* MDUiKitTests.xctest */ = {
			isa = PBXReferenceProxy;
			fileType = wrapper.cfbundle;
			path = MDUiKitTests.xctest;
			remoteRef = C54922B619D32BE800A4FE49 /* PBXContainerItemProxy */;
			sourceTree = BUILT_PRODUCTS_DIR;
		};
/* End PBXReferenceProxy section */

/* Begin PBXResourcesBuildPhase section */
		C5E6B77B14A5346200DA48BD /* Resources */ = {
			isa = PBXResourcesBuildPhase;
			buildActionMask = 2147483647;
			files = (
				C5E6B78C14A5346300DA48BD /* InfoPlist.strings in Resources */,
				C5E6B79514A5346300DA48BD /* MainStoryboard_iPhone.storyboard in Resources */,
				C5E6B79814A5346300DA48BD /* MainStoryboard_iPad.storyboard in Resources */,
				C5914ACF14C9F0D500856F57 /* LSDrawingRulesDefaultTypeList.plist in Resources */,
				C5B3F18619DC804100BDFAF5 /* FractalMedia.xcassets in Resources */,
				C5B3F18819DC80C100BDFAF5 /* ColorPickerMedia.xcassets in Resources */,
				C59AAE5719DC77CE00774441 /* UIMedia.xcassets in Resources */,
				C59AAE5519DC776000774441 /* RulesIcons.xcassets in Resources */,
				C5E556D914E2E6B300CAAB33 /* Localizable.strings in Resources */,
				C5B3F18319DC7C1900BDFAF5 /* Icons.xcassets in Resources */,
				C58FF3C014FE80FC00AB9659 /* FractalScapeIconiPhone57.png in Resources */,
				C58FF3C214FE810500AB9659 /* FractalScapeIconiPhone57@2x.png in Resources */,
				C59FF02116441631006E2B27 /* Settings.bundle in Resources */,
				C579625E16DC3E1200A8BCDC /* Root.plist in Resources */,
				C5A3EA7416E8194100D19155 /* Default-568h@2x.png in Resources */,
				C5CE9459170C9389002EF5FD /* MBColorsList.plist in Resources */,
				C5CE945B170C93C3002EF5FD /* LSFractalsList.plist in Resources */,
			);
			runOnlyForDeploymentPostprocessing = 0;
		};
		C5E6B7A914A5346300DA48BD /* Resources */ = {
			isa = PBXResourcesBuildPhase;
			buildActionMask = 2147483647;
			files = (
				C5E6B7B814A5346300DA48BD /* InfoPlist.strings in Resources */,
				C5914AD014C9F0D500856F57 /* LSDrawingRulesDefaultTypeList.plist in Resources */,
			);
			runOnlyForDeploymentPostprocessing = 0;
		};
/* End PBXResourcesBuildPhase section */

/* Begin PBXShellScriptBuildPhase section */
		C5E6B7AA14A5346300DA48BD /* ShellScript */ = {
			isa = PBXShellScriptBuildPhase;
			buildActionMask = 2147483647;
			files = (
			);
			inputPaths = (
			);
			outputPaths = (
			);
			runOnlyForDeploymentPostprocessing = 0;
			shellPath = /bin/sh;
			shellScript = "# Run the unit tests in this test bundle.\n\"${SYSTEM_DEVELOPER_DIR}/Tools/RunUnitTests\"\n";
		};
/* End PBXShellScriptBuildPhase section */

/* Begin PBXSourcesBuildPhase section */
		C5E6B77914A5346200DA48BD /* Sources */ = {
			isa = PBXSourcesBuildPhase;
			buildActionMask = 2147483647;
			files = (
				C59F54651A2191AA006EB684 /* MBLSRuleSourceCollectionTableViewCell.m in Sources */,
				C595A40219E58A1500A4BEB0 /* MBFractalTableDataSource.m in Sources */,
				C5150F7F1A202E0B00DC8A0E /* MBScapeBackground+addons.m in Sources */,
				C5E6B78E14A5346300DA48BD /* main.m in Sources */,
				C5E6B79214A5346300DA48BD /* MBAppDelegate.m in Sources */,
				C564A32C19E725C800839D9E /* MBAxiomEditorTableSection.m in Sources */,
				C571D4D51A216F62001B62C7 /* LSDrawingRule.m in Sources */,
				C5E6B79B14A5346300DA48BD /* MBFractalLibraryViewController.m in Sources */,
				C5450ED714BBB8D800CD2E09 /* MBFractalSegment.m in Sources */,
				C53956FB14BF5ABC00D7301B /* QuartzHelpers.m in Sources */,
				C5BA2B9314C6F2BE00F2B9D0 /* FSLibrary.xcdatamodeld in Sources */,
				C5150F8B1A2036FA00DC8A0E /* MBColor.m in Sources */,
				C5A464F214C90BFA002BF0A3 /* LSFractalGenerator.m in Sources */,
				C5D9C2C014D32BB500AC9B47 /* MBLSFractalEditViewController.m in Sources */,
				C588E23A19B7D8C60061B34A /* MBStyleKitButton.m in Sources */,
				C5150F771A202D9E00DC8A0E /* MBFractalScape+addons.m in Sources */,
				C51215C614DA2E70007ED367 /* LSFractal+addons.m in Sources */,
				C50B82951A02E06E00FBA03F /* MBFractalDescriptionTableCell.m in Sources */,
				C540634214DADC6A00FBDEA4 /* MBColor+addons.m in Sources */,
				C5E556D514E2E24F00CAAB33 /* ColorPickerController.m in Sources */,
				C5BA7FE71A1868C400AFCF70 /* FractalScapeIconSet.m in Sources */,
				C5E556D614E2E24F00CAAB33 /* GradientView.m in Sources */,
				C59E321A1A1125F80076B40B /* MBColorCategory+addons.m in Sources */,
				C5AF42D414EC3E8200D3308F /* MBFractalExamineView.m in Sources */,
				C55131F314F5F6E80074137C /* MBFractalPropertyTableHeaderView.m in Sources */,
				C55131FA14F6A15E0074137C /* MBLSRuleTableViewCell.m in Sources */,
				C5B3F18B19DCB77B00BDFAF5 /* MBLSReplacementRuleTableViewCell.m in Sources */,
				C5DA480019F011A400A0A432 /* LSReplacementRule.m in Sources */,
				C551320114F731C70074137C /* MBStepperTableViewCell.m in Sources */,
				C579626116DD480500A8BCDC /* MBCollectionFractalCell.m in Sources */,
				C579626416DD4D7900A8BCDC /* MBCollectionFractalSupplementaryLabel.m in Sources */,
				C531F3ED16E1398E007F4DD3 /* MBFractalRulesEditorViewController.m in Sources */,
				C531F3F016E139D4007F4DD3 /* MBFractalAxiomEditViewController.m in Sources */,
				C59E321D1A112EDB0076B40B /* MBColorCategory.m in Sources */,
				C51DF52416E68E7F00FBDB8A /* MBFractalAppearanceEditorViewController.m in Sources */,
				C5A3EA6F16E7E6EF00D19155 /* MBColorSourceCollectionViewController.m in Sources */,
				C5E22C2F19DA19CE00B91607 /* MBRuleCollectionDataSource.m in Sources */,
				C525B9FC16F8A6C500CE2200 /* MBColorCellBackgroundView.m in Sources */,
				C59E32171A111D020076B40B /* NSManagedObject+Shortcuts.m in Sources */,
				C5150F831A20317100DC8A0E /* MBScapeBackground.m in Sources */,
				C57F32BC170209EE0072FE75 /* MBXibAutolayoutTableCell.m in Sources */,
				C5D99F52170270450025D5BB /* MBBasicLabelTextTableCell.m in Sources */,
				C509AF83170330A700025DF7 /* LSDrawingRule+addons.m in Sources */,
				C5AF5FB2170A3C3400990196 /* LSDrawingRuleType+addons.m in Sources */,
				C5014788170B47DB00BD7488 /* LSDrawingRuleType.m in Sources */,
				C501478C170B47DB00BD7488 /* MBFractalScape.m in Sources */,
				C564A32919E722FA00839D9E /* MBDraggingItem.m in Sources */,
				C5E22C2C19DA11FE00B91607 /* MBLSRuleBaseCollectionViewCell.m in Sources */,
				C501478E170B47DB00BD7488 /* MBPlacedEntity.m in Sources */,
				C5E22C2919DA105900B91607 /* MBLSRuleBaseCollectionTableViewCell.m in Sources */,
				C5A8B26D1A23C32A00A55847 /* LSFractal.m in Sources */,
				C59F54691A2191CF006EB684 /* MBLSRuleDestinationCollectionTableViewCell.m in Sources */,
				C5014792170B4EB400BD7488 /* LSReplacementRule+addons.m in Sources */,
				C5150F7B1A202DDA00DC8A0E /* MBPlacedEntity+addons.m in Sources */,
				C57EDE50170FC29900967F79 /* MBImmutableCellBackgroundView.m in Sources */,
				C59E32201A12AB950076B40B /* MBFractalColorViewContainer.m in Sources */,
				C57EDE53170FC2B700967F79 /* MBTextViewTableCell.m in Sources */,
			);
			runOnlyForDeploymentPostprocessing = 0;
		};
		C5E6B7A714A5346300DA48BD /* Sources */ = {
			isa = PBXSourcesBuildPhase;
			buildActionMask = 2147483647;
			files = (
				C5E6B7BB14A5346300DA48BD /* FractalScapeTests.m in Sources */,
				C5A464F314C90BFA002BF0A3 /* LSFractalGenerator.m in Sources */,
			);
			runOnlyForDeploymentPostprocessing = 0;
		};
/* End PBXSourcesBuildPhase section */

/* Begin PBXTargetDependency section */
		C5B8470219D34A0D0094C725 /* PBXTargetDependency */ = {
			isa = PBXTargetDependency;
			name = MDUiKit;
			targetProxy = C5B8470119D34A0D0094C725 /* PBXContainerItemProxy */;
		};
		C5E6B7B214A5346300DA48BD /* PBXTargetDependency */ = {
			isa = PBXTargetDependency;
			target = C5E6B77C14A5346200DA48BD /* FractalScape */;
			targetProxy = C5E6B7B114A5346300DA48BD /* PBXContainerItemProxy */;
		};
/* End PBXTargetDependency section */

/* Begin PBXVariantGroup section */
		C579625C16DC3E1200A8BCDC /* Root.plist */ = {
			isa = PBXVariantGroup;
			children = (
				C579625D16DC3E1200A8BCDC /* en */,
			);
			name = Root.plist;
			sourceTree = "<group>";
		};
		C5E556D714E2E6B300CAAB33 /* Localizable.strings */ = {
			isa = PBXVariantGroup;
			children = (
				C5E556D814E2E6B300CAAB33 /* en */,
			);
			name = Localizable.strings;
			sourceTree = "<group>";
		};
		C5E6B78A14A5346300DA48BD /* InfoPlist.strings */ = {
			isa = PBXVariantGroup;
			children = (
				C5E6B78B14A5346300DA48BD /* en */,
			);
			name = InfoPlist.strings;
			sourceTree = "<group>";
		};
		C5E6B79314A5346300DA48BD /* MainStoryboard_iPhone.storyboard */ = {
			isa = PBXVariantGroup;
			children = (
				C5E6B79414A5346300DA48BD /* en */,
			);
			name = MainStoryboard_iPhone.storyboard;
			sourceTree = "<group>";
		};
		C5E6B79614A5346300DA48BD /* MainStoryboard_iPad.storyboard */ = {
			isa = PBXVariantGroup;
			children = (
				C5E6B79714A5346300DA48BD /* en */,
			);
			name = MainStoryboard_iPad.storyboard;
			sourceTree = "<group>";
		};
		C5E6B7B614A5346300DA48BD /* InfoPlist.strings */ = {
			isa = PBXVariantGroup;
			children = (
				C5E6B7B714A5346300DA48BD /* en */,
			);
			name = InfoPlist.strings;
			sourceTree = "<group>";
		};
/* End PBXVariantGroup section */

/* Begin XCBuildConfiguration section */
		C5E6B7BC14A5346300DA48BD /* Debug */ = {
			isa = XCBuildConfiguration;
			buildSettings = {
				ALWAYS_SEARCH_USER_PATHS = NO;
				CLANG_ENABLE_OBJC_ARC = YES;
				CLANG_WARN_BOOL_CONVERSION = YES;
				CLANG_WARN_CONSTANT_CONVERSION = YES;
				CLANG_WARN_EMPTY_BODY = YES;
				CLANG_WARN_ENUM_CONVERSION = YES;
				CLANG_WARN_INT_CONVERSION = YES;
				CLANG_WARN_UNREACHABLE_CODE = YES;
				CLANG_WARN__DUPLICATE_METHOD_MATCH = YES;
				"CODE_SIGN_IDENTITY[sdk=iphoneos*]" = "iPhone Developer";
				COPY_PHASE_STRIP = NO;
				ENABLE_STRICT_OBJC_MSGSEND = YES;
				GCC_C_LANGUAGE_STANDARD = gnu99;
				GCC_DYNAMIC_NO_PIC = NO;
				GCC_OPTIMIZATION_LEVEL = 0;
				GCC_PREPROCESSOR_DEFINITIONS = (
					"DEBUG=1",
					"$(inherited)",
				);
				GCC_SYMBOLS_PRIVATE_EXTERN = NO;
				GCC_VERSION = com.apple.compilers.llvm.clang.1_0;
				GCC_WARN_64_TO_32_BIT_CONVERSION = YES;
				GCC_WARN_ABOUT_MISSING_PROTOTYPES = YES;
				GCC_WARN_ABOUT_RETURN_TYPE = YES;
				GCC_WARN_SHADOW = YES;
				GCC_WARN_UNDECLARED_SELECTOR = YES;
				GCC_WARN_UNINITIALIZED_AUTOS = YES;
				GCC_WARN_UNUSED_FUNCTION = YES;
				GCC_WARN_UNUSED_VARIABLE = NO;
				IPHONEOS_DEPLOYMENT_TARGET = 8.0;
				ONLY_ACTIVE_ARCH = YES;
				SDKROOT = iphoneos;
				TARGETED_DEVICE_FAMILY = "1,2";
			};
			name = Debug;
		};
		C5E6B7BD14A5346300DA48BD /* Release */ = {
			isa = XCBuildConfiguration;
			buildSettings = {
				ALWAYS_SEARCH_USER_PATHS = NO;
				CLANG_ENABLE_OBJC_ARC = YES;
				CLANG_WARN_BOOL_CONVERSION = YES;
				CLANG_WARN_CONSTANT_CONVERSION = YES;
				CLANG_WARN_EMPTY_BODY = YES;
				CLANG_WARN_ENUM_CONVERSION = YES;
				CLANG_WARN_INT_CONVERSION = YES;
				CLANG_WARN_UNREACHABLE_CODE = YES;
				CLANG_WARN__DUPLICATE_METHOD_MATCH = YES;
				"CODE_SIGN_IDENTITY[sdk=iphoneos*]" = "iPhone Developer";
				COPY_PHASE_STRIP = YES;
				ENABLE_STRICT_OBJC_MSGSEND = YES;
				GCC_C_LANGUAGE_STANDARD = gnu99;
				GCC_VERSION = com.apple.compilers.llvm.clang.1_0;
				GCC_WARN_64_TO_32_BIT_CONVERSION = YES;
				GCC_WARN_ABOUT_MISSING_PROTOTYPES = YES;
				GCC_WARN_ABOUT_RETURN_TYPE = YES;
				GCC_WARN_SHADOW = YES;
				GCC_WARN_UNDECLARED_SELECTOR = YES;
				GCC_WARN_UNINITIALIZED_AUTOS = YES;
				GCC_WARN_UNUSED_FUNCTION = YES;
				GCC_WARN_UNUSED_VARIABLE = NO;
				IPHONEOS_DEPLOYMENT_TARGET = 8.0;
				OTHER_CFLAGS = "-DNS_BLOCK_ASSERTIONS=1";
				SDKROOT = iphoneos;
				TARGETED_DEVICE_FAMILY = "1,2";
				VALIDATE_PRODUCT = YES;
			};
			name = Release;
		};
		C5E6B7BF14A5346300DA48BD /* Debug */ = {
			isa = XCBuildConfiguration;
			buildSettings = {
				CLANG_ENABLE_MODULES = YES;
				CLANG_ENABLE_OBJC_ARC = YES;
				CLANG_WARN_OBJC_IMPLICIT_RETAIN_SELF = YES;
				CLANG_WARN_OBJC_RECEIVER_WEAK = NO;
				CLANG_WARN_OBJC_REPEATED_USE_OF_WEAK = NO;
				CODE_SIGN_ENTITLEMENTS = FractalScape/FractalScape.entitlements;
				CODE_SIGN_IDENTITY = "iPhone Developer";
				"CODE_SIGN_IDENTITY[sdk=iphoneos*]" = "iPhone Developer";
				FRAMEWORK_SEARCH_PATHS = (
					"$(inherited)",
					$rPath,
				);
				GCC_PRECOMPILE_PREFIX_HEADER = YES;
				GCC_PREFIX_HEADER = "FractalScape/FractalScape-Prefix.pch";
				INFOPLIST_FILE = "FractalScape/FractalScape-Info.plist";
				IPHONEOS_DEPLOYMENT_TARGET = 8.0;
				LD_RUNPATH_SEARCH_PATHS = "$(inherited) @executable_path @executable_path/Frameworks";
				PRODUCT_NAME = FractalScape;
				PROVISIONING_PROFILE = "";
				RUN_CLANG_STATIC_ANALYZER = YES;
				WRAPPER_EXTENSION = app;
			};
			name = Debug;
		};
		C5E6B7C014A5346300DA48BD /* Release */ = {
			isa = XCBuildConfiguration;
			buildSettings = {
				CLANG_ENABLE_MODULES = YES;
				CLANG_ENABLE_OBJC_ARC = YES;
				CLANG_WARN_OBJC_IMPLICIT_RETAIN_SELF = YES;
				CLANG_WARN_OBJC_RECEIVER_WEAK = NO;
				CLANG_WARN_OBJC_REPEATED_USE_OF_WEAK = NO;
				CODE_SIGN_ENTITLEMENTS = FractalScape/FractalScape.entitlements;
				CODE_SIGN_IDENTITY = "iPhone Developer";
				"CODE_SIGN_IDENTITY[sdk=iphoneos*]" = "iPhone Developer";
				FRAMEWORK_SEARCH_PATHS = (
					"$(inherited)",
					$rPath,
				);
				GCC_PRECOMPILE_PREFIX_HEADER = YES;
				GCC_PREFIX_HEADER = "FractalScape/FractalScape-Prefix.pch";
				INFOPLIST_FILE = "FractalScape/FractalScape-Info.plist";
				IPHONEOS_DEPLOYMENT_TARGET = 8.0;
				LD_RUNPATH_SEARCH_PATHS = "$(inherited) @executable_path @executable_path/Frameworks";
				PRODUCT_NAME = FractalScape;
				PROVISIONING_PROFILE = "";
				RUN_CLANG_STATIC_ANALYZER = YES;
				WRAPPER_EXTENSION = app;
			};
			name = Release;
		};
		C5E6B7C214A5346300DA48BD /* Debug */ = {
			isa = XCBuildConfiguration;
			buildSettings = {
				BUNDLE_LOADER = "$(BUILT_PRODUCTS_DIR)/FractalScape.app/FractalScape";
				CLANG_ENABLE_OBJC_ARC = YES;
				FRAMEWORK_SEARCH_PATHS = (
					"$(SDKROOT)/Developer/Library/Frameworks",
					"$(inherited)",
				);
				GCC_PRECOMPILE_PREFIX_HEADER = YES;
				GCC_PREFIX_HEADER = "FractalScape/FractalScape-Prefix.pch";
				INFOPLIST_FILE = "Tests/FractalScapeTests-Info.plist";
				PRODUCT_NAME = FractalScapeTests;
				TEST_HOST = "$(BUNDLE_LOADER)";
			};
			name = Debug;
		};
		C5E6B7C314A5346300DA48BD /* Release */ = {
			isa = XCBuildConfiguration;
			buildSettings = {
				BUNDLE_LOADER = "$(BUILT_PRODUCTS_DIR)/FractalScape.app/FractalScape";
				CLANG_ENABLE_OBJC_ARC = YES;
				FRAMEWORK_SEARCH_PATHS = (
					"$(SDKROOT)/Developer/Library/Frameworks",
					"$(inherited)",
				);
				GCC_PRECOMPILE_PREFIX_HEADER = YES;
				GCC_PREFIX_HEADER = "FractalScape/FractalScape-Prefix.pch";
				INFOPLIST_FILE = "Tests/FractalScapeTests-Info.plist";
				PRODUCT_NAME = FractalScapeTests;
				TEST_HOST = "$(BUNDLE_LOADER)";
			};
			name = Release;
		};
/* End XCBuildConfiguration section */

/* Begin XCConfigurationList section */
		C5E6B77714A5346200DA48BD /* Build configuration list for PBXProject "FractalScape" */ = {
			isa = XCConfigurationList;
			buildConfigurations = (
				C5E6B7BC14A5346300DA48BD /* Debug */,
				C5E6B7BD14A5346300DA48BD /* Release */,
			);
			defaultConfigurationIsVisible = 0;
			defaultConfigurationName = Release;
		};
		C5E6B7BE14A5346300DA48BD /* Build configuration list for PBXNativeTarget "FractalScape" */ = {
			isa = XCConfigurationList;
			buildConfigurations = (
				C5E6B7BF14A5346300DA48BD /* Debug */,
				C5E6B7C014A5346300DA48BD /* Release */,
			);
			defaultConfigurationIsVisible = 0;
			defaultConfigurationName = Release;
		};
		C5E6B7C114A5346300DA48BD /* Build configuration list for PBXNativeTarget "FractalScapeTests" */ = {
			isa = XCConfigurationList;
			buildConfigurations = (
				C5E6B7C214A5346300DA48BD /* Debug */,
				C5E6B7C314A5346300DA48BD /* Release */,
			);
			defaultConfigurationIsVisible = 0;
			defaultConfigurationName = Release;
		};
/* End XCConfigurationList section */

/* Begin XCVersionGroup section */
		C5BA2B9114C6F2BE00F2B9D0 /* FSLibrary.xcdatamodeld */ = {
			isa = XCVersionGroup;
			children = (
				C5BA2B9214C6F2BE00F2B9D0 /* FSLibrary.xcdatamodel */,
			);
			currentVersion = C5BA2B9214C6F2BE00F2B9D0 /* FSLibrary.xcdatamodel */;
			path = FSLibrary.xcdatamodeld;
			sourceTree = "<group>";
			versionGroupType = wrapper.xcdatamodel;
		};
/* End XCVersionGroup section */
	};
	rootObject = C5E6B77414A5346200DA48BD /* Project object */;
}
